// !$*UTF8*$!
{
	archiveVersion = 1;
	classes = {
	};
	objectVersion = 46;
	objects = {

/* Begin PBXBuildFile section */
		0546D1A38E13BD319CC9755B /* OscReceivedElements.cpp in Sources */ = {isa = PBXBuildFile; fileRef = 9BF3AA0D4FAA89D0F8A0E545 /* OscReceivedElements.cpp */; };
		1298066D39CE7EC3DA60256A /* snappy-stubs-internal.cc in Sources */ = {isa = PBXBuildFile; fileRef = 2FB74FF42B08FC378F74B2B7 /* snappy-stubs-internal.cc */; };
		199E20C3CE29DBDA5F9DA16C /* BufferedSerialDevice.cpp in Sources */ = {isa = PBXBuildFile; fileRef = FDB137BD0187E28CD8B59874 /* BufferedSerialDevice.cpp */; };
		1CC07C1A616F29EB8EEC3D21 /* SearchPath.cpp in Sources */ = {isa = PBXBuildFile; fileRef = 8D76B424A6DF4D70AACCDBAE /* SearchPath.cpp */; };
		1CD33E884D9E3358252E82A1 /* ofxToggle.cpp in Sources */ = {isa = PBXBuildFile; fileRef = 907C5B5E104864A2D3A25745 /* ofxToggle.cpp */; };
		2761F96388F64FE596863183 /* audiodecodercoreaudio.cpp in Sources */ = {isa = PBXBuildFile; fileRef = 2EE3C26422275C7D402CCF25 /* audiodecodercoreaudio.cpp */; };
		29BCD325C314242FECC8E5B7 /* list_ports_win.cc in Sources */ = {isa = PBXBuildFile; fileRef = 79F1B32CBD205754ECBE956E /* list_ports_win.cc */; };
		3336758D15FD0710326AAC25 /* serial.cc in Sources */ = {isa = PBXBuildFile; fileRef = 47B9A234B65D63015C0CFEDD /* serial.cc */; };
		347D67CCF4C7C7725118DD59 /* ByteBufferStream.cpp in Sources */ = {isa = PBXBuildFile; fileRef = C6C68D431AF8FD1A9E2DCFF2 /* ByteBufferStream.cpp */; };
		3BFC7CF50BEB0307821B90A6 /* lz4.c in Sources */ = {isa = PBXBuildFile; fileRef = 7913239832BBBF6B56ED2600 /* lz4.c */; };
		3C9A355A55D68A8E882FEF85 /* RegexPathFilter.cpp in Sources */ = {isa = PBXBuildFile; fileRef = 13D68F0C2CAE7809D621924C /* RegexPathFilter.cpp */; };
		3F820594FB87B6ACFC9E86E9 /* KineticController.cpp in Sources */ = {isa = PBXBuildFile; fileRef = A7497F3C89F6AE38D9B609D8 /* KineticController.cpp */; };
		477F449F6256389CCDB36FFC /* audiodecoderbase.cpp in Sources */ = {isa = PBXBuildFile; fileRef = 0B54B44EFD41F864E0BD75D7 /* audiodecoderbase.cpp */; };
		483908258D00B98B4BE69F07 /* ofxLabel.cpp in Sources */ = {isa = PBXBuildFile; fileRef = 78D67A00EB899FAC09430597 /* ofxLabel.cpp */; };
		494950167FFB212CEB9ECD0A /* ByteBufferWriter.cpp in Sources */ = {isa = PBXBuildFile; fileRef = C9BE77ADAEF79E623523E9D9 /* ByteBufferWriter.cpp */; };
		4ADB88E2FB52E76A471065DE /* ofxOscParameterSync.cpp in Sources */ = {isa = PBXBuildFile; fileRef = 0AED834CE4DEC5260AF302A2 /* ofxOscParameterSync.cpp */; };
		510CAFE035E576A4E1502D52 /* UdpSocket.cpp in Sources */ = {isa = PBXBuildFile; fileRef = E6DEF695B88BA5FAACEAA937 /* UdpSocket.cpp */; };
		55DE46182F529D5E0D756503 /* win.cc in Sources */ = {isa = PBXBuildFile; fileRef = D1B098B33ACA6D5EF0DE53FB /* win.cc */; };
		5864AD82E20F15536D054EA3 /* ofxOscMessage.cpp in Sources */ = {isa = PBXBuildFile; fileRef = DF49D76C45D5DB505A234880 /* ofxOscMessage.cpp */; };
		5A4349E9754D6FA14C0F2A3A /* tinyxmlparser.cpp in Sources */ = {isa = PBXBuildFile; fileRef = FC5DA1C87211D4F6377DA719 /* tinyxmlparser.cpp */; };
		5BB82711925A3764235C2CEB /* FileExtensionFilter.cpp in Sources */ = {isa = PBXBuildFile; fileRef = 6BD291FB03292C6D352C26FE /* FileExtensionFilter.cpp */; };
		5CBB2AB3A60F65431D7B555D /* ofxButton.cpp in Sources */ = {isa = PBXBuildFile; fileRef = C88333E71C9457E441C33474 /* ofxButton.cpp */; };
		62509F39EA6197BEA0194276 /* ByteBufferReader.cpp in Sources */ = {isa = PBXBuildFile; fileRef = 021CAF811F031FFBDFB18797 /* ByteBufferReader.cpp */; };
		62545D179C94265CA1389D4A /* OscOutboundPacketStream.cpp in Sources */ = {isa = PBXBuildFile; fileRef = 63A47AC60FFAFC3BF093EC0F /* OscOutboundPacketStream.cpp */; };
		63B57AC5BF4EF088491E0317 /* ofxXmlSettings.cpp in Sources */ = {isa = PBXBuildFile; fileRef = 50DF87D612C5AAE17AAFA6C0 /* ofxXmlSettings.cpp */; };
		640279EE111671BD026CB013 /* ofxOscReceiver.cpp in Sources */ = {isa = PBXBuildFile; fileRef = C2FAC65C491D4231379F3298 /* ofxOscReceiver.cpp */; };
		66A80FD312926DEB8C9FE7F6 /* ByteBufferUtils.cpp in Sources */ = {isa = PBXBuildFile; fileRef = FE5B3B19544657B6F9CCCA03 /* ByteBufferUtils.cpp */; };
		67FE4C7B15C2F0478C8126C2 /* NetworkingUtils.cpp in Sources */ = {isa = PBXBuildFile; fileRef = 3B361208CD4107E479F04E7B /* NetworkingUtils.cpp */; };
		72A929D3561B8232A182ABFC /* ofxOscBundle.cpp in Sources */ = {isa = PBXBuildFile; fileRef = 65EEFA3DA3526E9CDD9C21F9 /* ofxOscBundle.cpp */; };
		78F31C6C1EEA56AB00782D78 /* Keyframe.cpp in Sources */ = {isa = PBXBuildFile; fileRef = 78F31C681EEA56AB00782D78 /* Keyframe.cpp */; };
		78F31C6D1EEA56AB00782D78 /* Timeline.cpp in Sources */ = {isa = PBXBuildFile; fileRef = 78F31C6A1EEA56AB00782D78 /* Timeline.cpp */; };
		790CD6606BE3D38A9AD52AF1 /* URIEncoding.cpp in Sources */ = {isa = PBXBuildFile; fileRef = 60F63F5C68476F0C9095B247 /* URIEncoding.cpp */; };
		7B750C170EB39967BA9AB0DA /* list_ports_linux.cc in Sources */ = {isa = PBXBuildFile; fileRef = F0B7B8B3CBC6603E4EBB50CB /* list_ports_linux.cc */; };
		837220E80EB56CD44AD27F2A /* ofxSlider.cpp in Sources */ = {isa = PBXBuildFile; fileRef = 15F2C6477A769C03A56D1401 /* ofxSlider.cpp */; };
		84FED53B4CEB4C25C00E172B /* DirectoryFilter.cpp in Sources */ = {isa = PBXBuildFile; fileRef = E362E12547978AB05ABA9C57 /* DirectoryFilter.cpp */; };
		856AA354D08AB4B323081444 /* ofxBaseGui.cpp in Sources */ = {isa = PBXBuildFile; fileRef = 9604B925D32EE39065747725 /* ofxBaseGui.cpp */; };
		868BEDC19B53FD512D7E3100 /* snappy.cc in Sources */ = {isa = PBXBuildFile; fileRef = 7362D621E1B9A92F5F4AC73B /* snappy.cc */; };
		86B56E23D787A5F24641398F /* LinkFilter.cpp in Sources */ = {isa = PBXBuildFile; fileRef = 370DA13018950E5BFF8CF171 /* LinkFilter.cpp */; };
		879A251454401BC0B6E4F238 /* OscTypes.cpp in Sources */ = {isa = PBXBuildFile; fileRef = D9BFFBBF4CC43DEE890B3C3E /* OscTypes.cpp */; };
		87EB71A35D524340AE0A8C4C /* ofxAudioDecoder.cpp in Sources */ = {isa = PBXBuildFile; fileRef = 09535104AE13A73B23DCF56B /* ofxAudioDecoder.cpp */; };
		899BAF53175868463FE1B029 /* RecursiveDirectoryIteratorStategies.cpp in Sources */ = {isa = PBXBuildFile; fileRef = F27637AABA89A235C5974D56 /* RecursiveDirectoryIteratorStategies.cpp */; };
		89D1BB84C86305D9A5C34DC4 /* list_ports_osx.cc in Sources */ = {isa = PBXBuildFile; fileRef = 857A942126908B1806B67CE6 /* list_ports_osx.cc */; };
		8BCF02B826253856D7DCF4D1 /* ofxDmx.cpp in Sources */ = {isa = PBXBuildFile; fileRef = 435636905F1CDAC0B05976DD /* ofxDmx.cpp */; };
		8F5205AEF8861EF234F0651A /* ofxOscSender.cpp in Sources */ = {isa = PBXBuildFile; fileRef = 81967292BFC87A0144BD32C6 /* ofxOscSender.cpp */; };
		933A2227713C720CEFF80FD9 /* tinyxml.cpp in Sources */ = {isa = PBXBuildFile; fileRef = 2B40EDA85BEB63E46785BC29 /* tinyxml.cpp */; };
		93640C223A2F5BEAD6DA2E35 /* Compression.cpp in Sources */ = {isa = PBXBuildFile; fileRef = 2FC8E2266FE2F5545775A16D /* Compression.cpp */; };
		9D44DC88EF9E7991B4A09951 /* tinyxmlerror.cpp in Sources */ = {isa = PBXBuildFile; fileRef = 832BDC407620CDBA568B713D /* tinyxmlerror.cpp */; };
		AD419EB6C428A9E56FC35AE2 /* MovementController.cpp in Sources */ = {isa = PBXBuildFile; fileRef = 80C807326629BE7587C3A3B3 /* MovementController.cpp */; };
		ADE367465D2A8EBAD4C7A8D9 /* IpEndpointName.cpp in Sources */ = {isa = PBXBuildFile; fileRef = ADD194746185E2DA11468377 /* IpEndpointName.cpp */; };
		B1BF03D79762719793CC9F1A /* SLIPEncoding.cpp in Sources */ = {isa = PBXBuildFile; fileRef = D1616DA13ECD5FC9DB4D5714 /* SLIPEncoding.cpp */; };
		B266578FC55D23BFEBC042E7 /* ofxGuiGroup.cpp in Sources */ = {isa = PBXBuildFile; fileRef = ECF8674C7975F1063C5E30CA /* ofxGuiGroup.cpp */; };
		B3E6D60405574847412D7441 /* HiddenFileFilter.cpp in Sources */ = {isa = PBXBuildFile; fileRef = FCAF85B857266C511DB50341 /* HiddenFileFilter.cpp */; };
		B56FE57CC35806596D38118C /* ofxSliderGroup.cpp in Sources */ = {isa = PBXBuildFile; fileRef = 802251BAF1B35B1D67B32FD0 /* ofxSliderGroup.cpp */; };
		B7E0003B826CBA379A3F66E5 /* PathFilterCollection.cpp in Sources */ = {isa = PBXBuildFile; fileRef = 5114D2AF276E4E6E9A67B342 /* PathFilterCollection.cpp */; };
		BC0058681371B449EBCD285C /* ofxInputField.cpp in Sources */ = {isa = PBXBuildFile; fileRef = C9A879BA9671BF2E5A96DE5A /* ofxInputField.cpp */; };
		BE177617474F11F05E9260FC /* DirectoryWatcherManager.cpp in Sources */ = {isa = PBXBuildFile; fileRef = 0B6179498D0110BD2E161373 /* DirectoryWatcherManager.cpp */; };
		C4782ECC372420ACE0615B74 /* OscPrintReceivedElements.cpp in Sources */ = {isa = PBXBuildFile; fileRef = BC8881B3C8C0A1C45F042E7A /* OscPrintReceivedElements.cpp */; };
		CDB5B1D2D12F42502906F30F /* DeviceFilter.cpp in Sources */ = {isa = PBXBuildFile; fileRef = 00F3330A5DEBD082CEE0C12C /* DeviceFilter.cpp */; };
		CEFD3CCAB8B3251DFCAAA0EE /* DirectoryUtils.cpp in Sources */ = {isa = PBXBuildFile; fileRef = 9A967D1FAFA98A7CBBFA4F55 /* DirectoryUtils.cpp */; };
		D81A435CE7FDF51B41956210 /* snappy-sinksource.cc in Sources */ = {isa = PBXBuildFile; fileRef = 9A430D6BD10DC31AE2D07DA0 /* snappy-sinksource.cc */; };
		D932A5A24FCF08AE510A265D /* ByteBuffer.cpp in Sources */ = {isa = PBXBuildFile; fileRef = 93384835C77BD4299F8A7F90 /* ByteBuffer.cpp */; };
		DABEB23B35B4884860B1A814 /* unix.cc in Sources */ = {isa = PBXBuildFile; fileRef = E4F6F31D084699BAD89878B9 /* unix.cc */; };
		DB1B6C56A8D6E1DF0AB8B5DA /* SerialDeviceUtils.cpp in Sources */ = {isa = PBXBuildFile; fileRef = A28F98E9F26E32A14FAE918C /* SerialDeviceUtils.cpp */; };
		DFA0F30B1193D5DC1BB53E5E /* Base64Encoding.cpp in Sources */ = {isa = PBXBuildFile; fileRef = 9D639BA31583580D80CFE15D /* Base64Encoding.cpp */; };
		E2C54FD4C85A860582282F7C /* RecursiveDirectoryIterator.cpp in Sources */ = {isa = PBXBuildFile; fileRef = E95C4518AEDCDBEA357754B0 /* RecursiveDirectoryIterator.cpp */; };
		E4328149138ABC9F0047C5CB /* openFrameworksDebug.a in Frameworks */ = {isa = PBXBuildFile; fileRef = E4328148138ABC890047C5CB /* openFrameworksDebug.a */; };
		E47400D4565245776213FFD6 /* SerialDevice.cpp in Sources */ = {isa = PBXBuildFile; fileRef = 7B8F262E90F842B6011F0935 /* SerialDevice.cpp */; };
		E4B69E200A3A1BDC003C02F2 /* main.cpp in Sources */ = {isa = PBXBuildFile; fileRef = E4B69E1D0A3A1BDC003C02F2 /* main.cpp */; };
		E4B69E210A3A1BDC003C02F2 /* ofApp.cpp in Sources */ = {isa = PBXBuildFile; fileRef = E4B69E1E0A3A1BDC003C02F2 /* ofApp.cpp */; };
		EB4F14C4AE3B3EFD04520383 /* DirectoryWatcher.cpp in Sources */ = {isa = PBXBuildFile; fileRef = 12A42DF3BFDE28A4818C2EC4 /* DirectoryWatcher.cpp */; };
		F285EB3169F1566CA3D93C20 /* ofxPanel.cpp in Sources */ = {isa = PBXBuildFile; fileRef = E112B3AEBEA2C091BF2B40AE /* ofxPanel.cpp */; };
		F953E11952BFF8C207418550 /* HexBinaryEncoding.cpp in Sources */ = {isa = PBXBuildFile; fileRef = 22565CAF8FFEF25C805A438F /* HexBinaryEncoding.cpp */; };
		FE9170FE54D704DF97B0E5BD /* COBSEncoding.cpp in Sources */ = {isa = PBXBuildFile; fileRef = 4164C6C6CE5115889A99F42C /* COBSEncoding.cpp */; };
/* End PBXBuildFile section */

/* Begin PBXContainerItemProxy section */
		E4328147138ABC890047C5CB /* PBXContainerItemProxy */ = {
			isa = PBXContainerItemProxy;
			containerPortal = E4328143138ABC890047C5CB /* openFrameworksLib.xcodeproj */;
			proxyType = 2;
			remoteGlobalIDString = E4B27C1510CBEB8E00536013;
			remoteInfo = openFrameworks;
		};
		E4EEB9AB138B136A00A80321 /* PBXContainerItemProxy */ = {
			isa = PBXContainerItemProxy;
			containerPortal = E4328143138ABC890047C5CB /* openFrameworksLib.xcodeproj */;
			proxyType = 1;
			remoteGlobalIDString = E4B27C1410CBEB8E00536013;
			remoteInfo = openFrameworks;
		};
/* End PBXContainerItemProxy section */

/* Begin PBXCopyFilesBuildPhase section */
		E4C2427710CC5ABF004149E2 /* CopyFiles */ = {
			isa = PBXCopyFilesBuildPhase;
			buildActionMask = 2147483647;
			dstPath = "";
			dstSubfolderSpec = 10;
			files = (
			);
			runOnlyForDeploymentPostprocessing = 0;
		};
/* End PBXCopyFilesBuildPhase section */

/* Begin PBXFileReference section */
		00D6D32B84B099226431108C /* ofxOsc.h */ = {isa = PBXFileReference; explicitFileType = sourcecode.c.h; fileEncoding = 30; name = ofxOsc.h; path = ../../../addons/ofxOsc/src/ofxOsc.h; sourceTree = SOURCE_ROOT; };
		00F3330A5DEBD082CEE0C12C /* DeviceFilter.cpp */ = {isa = PBXFileReference; explicitFileType = sourcecode.cpp.cpp; fileEncoding = 30; name = DeviceFilter.cpp; path = ../../../addons/ofxIO/libs/ofxIO/src/DeviceFilter.cpp; sourceTree = SOURCE_ROOT; };
		01DCC0911400F9ACF5B65578 /* ofxXmlSettings.h */ = {isa = PBXFileReference; explicitFileType = sourcecode.c.h; fileEncoding = 30; name = ofxXmlSettings.h; path = ../../../addons/ofxXmlSettings/src/ofxXmlSettings.h; sourceTree = SOURCE_ROOT; };
		021CAF811F031FFBDFB18797 /* ByteBufferReader.cpp */ = {isa = PBXFileReference; explicitFileType = sourcecode.cpp.cpp; fileEncoding = 30; name = ByteBufferReader.cpp; path = ../../../addons/ofxIO/libs/ofxIO/src/ByteBufferReader.cpp; sourceTree = SOURCE_ROOT; };
		029684CF678F70F6D3537A29 /* OscOutboundPacketStream.h */ = {isa = PBXFileReference; explicitFileType = sourcecode.c.h; fileEncoding = 30; name = OscOutboundPacketStream.h; path = ../../../addons/ofxOsc/libs/oscpack/src/osc/OscOutboundPacketStream.h; sourceTree = SOURCE_ROOT; };
		079299A87017EDB0524077EA /* SerialDevice.h */ = {isa = PBXFileReference; explicitFileType = sourcecode.c.h; fileEncoding = 30; name = SerialDevice.h; path = ../../../addons/ofxSerial/libs/ofxSerial/include/ofx/IO/SerialDevice.h; sourceTree = SOURCE_ROOT; };
		08401BD1A5AEF44AFF422B23 /* ByteBufferStream.h */ = {isa = PBXFileReference; explicitFileType = sourcecode.c.h; fileEncoding = 30; name = ByteBufferStream.h; path = ../../../addons/ofxIO/libs/ofxIO/include/ofx/IO/ByteBufferStream.h; sourceTree = SOURCE_ROOT; };
		09535104AE13A73B23DCF56B /* ofxAudioDecoder.cpp */ = {isa = PBXFileReference; explicitFileType = sourcecode.cpp.cpp; fileEncoding = 30; name = ofxAudioDecoder.cpp; path = ../../../addons/ofxAudioDecoder/src/ofxAudioDecoder.cpp; sourceTree = SOURCE_ROOT; };
		0A1DAC09F322AE313A40706D /* ofxToggle.h */ = {isa = PBXFileReference; explicitFileType = sourcecode.c.h; fileEncoding = 30; name = ofxToggle.h; path = ../../../addons/ofxGui/src/ofxToggle.h; sourceTree = SOURCE_ROOT; };
		0AED834CE4DEC5260AF302A2 /* ofxOscParameterSync.cpp */ = {isa = PBXFileReference; explicitFileType = sourcecode.cpp.cpp; fileEncoding = 30; name = ofxOscParameterSync.cpp; path = ../../../addons/ofxOsc/src/ofxOscParameterSync.cpp; sourceTree = SOURCE_ROOT; };
		0B54B44EFD41F864E0BD75D7 /* audiodecoderbase.cpp */ = {isa = PBXFileReference; explicitFileType = sourcecode.cpp.cpp; fileEncoding = 30; name = audiodecoderbase.cpp; path = ../../../addons/ofxAudioDecoder/libs/src/audiodecoderbase.cpp; sourceTree = SOURCE_ROOT; };
		0B6179498D0110BD2E161373 /* DirectoryWatcherManager.cpp */ = {isa = PBXFileReference; explicitFileType = sourcecode.cpp.cpp; fileEncoding = 30; name = DirectoryWatcherManager.cpp; path = ../../../addons/ofxIO/libs/ofxIO/src/DirectoryWatcherManager.cpp; sourceTree = SOURCE_ROOT; };
		0FC82546C315D104CC8178D7 /* PathFilterCollection.h */ = {isa = PBXFileReference; explicitFileType = sourcecode.c.h; fileEncoding = 30; name = PathFilterCollection.h; path = ../../../addons/ofxIO/libs/ofxIO/include/ofx/IO/PathFilterCollection.h; sourceTree = SOURCE_ROOT; };
		12A42DF3BFDE28A4818C2EC4 /* DirectoryWatcher.cpp */ = {isa = PBXFileReference; explicitFileType = sourcecode.cpp.cpp; fileEncoding = 30; name = DirectoryWatcher.cpp; path = ../../../addons/ofxIO/libs/ofxIO/src/DirectoryWatcher.cpp; sourceTree = SOURCE_ROOT; };
		13D68F0C2CAE7809D621924C /* RegexPathFilter.cpp */ = {isa = PBXFileReference; explicitFileType = sourcecode.cpp.cpp; fileEncoding = 30; name = RegexPathFilter.cpp; path = ../../../addons/ofxIO/libs/ofxIO/src/RegexPathFilter.cpp; sourceTree = SOURCE_ROOT; };
		14290ED8DE68778AE3023FBC /* LinkFilter.h */ = {isa = PBXFileReference; explicitFileType = sourcecode.c.h; fileEncoding = 30; name = LinkFilter.h; path = ../../../addons/ofxIO/libs/ofxIO/include/ofx/IO/LinkFilter.h; sourceTree = SOURCE_ROOT; };
		15F2C6477A769C03A56D1401 /* ofxSlider.cpp */ = {isa = PBXFileReference; explicitFileType = sourcecode.cpp.cpp; fileEncoding = 30; name = ofxSlider.cpp; path = ../../../addons/ofxGui/src/ofxSlider.cpp; sourceTree = SOURCE_ROOT; };
		17E65988300FBD9AAA2CD0CA /* ofxGui.h */ = {isa = PBXFileReference; explicitFileType = sourcecode.c.h; fileEncoding = 30; name = ofxGui.h; path = ../../../addons/ofxGui/src/ofxGui.h; sourceTree = SOURCE_ROOT; };
		181F02B531162F6039F6ADC2 /* DirectoryWatcher.h */ = {isa = PBXFileReference; explicitFileType = sourcecode.c.h; fileEncoding = 30; name = DirectoryWatcher.h; path = ../../../addons/ofxIO/libs/ofxIO/include/ofx/DirectoryWatcher.h; sourceTree = SOURCE_ROOT; };
		189E3E9B89AAC666E067E42D /* KineticController.h */ = {isa = PBXFileReference; explicitFileType = sourcecode.c.h; fileEncoding = 30; name = KineticController.h; path = src/KineticController.h; sourceTree = SOURCE_ROOT; };
		19B6C350D9FAA9277E9345CF /* ofxAudioDecoder.h */ = {isa = PBXFileReference; explicitFileType = sourcecode.c.h; fileEncoding = 30; name = ofxAudioDecoder.h; path = ../../../addons/ofxAudioDecoder/src/ofxAudioDecoder.h; sourceTree = SOURCE_ROOT; };
		1C011DA756FF131FC46A2907 /* FileExtensionFilter.h */ = {isa = PBXFileReference; explicitFileType = sourcecode.c.h; fileEncoding = 30; name = FileExtensionFilter.h; path = ../../../addons/ofxIO/libs/ofxIO/include/ofx/IO/FileExtensionFilter.h; sourceTree = SOURCE_ROOT; };
		1C0DA2561397A7DE0246858B /* ofxGuiGroup.h */ = {isa = PBXFileReference; explicitFileType = sourcecode.c.h; fileEncoding = 30; name = ofxGuiGroup.h; path = ../../../addons/ofxGui/src/ofxGuiGroup.h; sourceTree = SOURCE_ROOT; };
		1E8B79D0091B95C305295952 /* URIEncoding.h */ = {isa = PBXFileReference; explicitFileType = sourcecode.c.h; fileEncoding = 30; name = URIEncoding.h; path = ../../../addons/ofxIO/libs/ofxIO/include/ofx/IO/URIEncoding.h; sourceTree = SOURCE_ROOT; };
		20F35AFADAF0068B067E713F /* OscReceivedElements.h */ = {isa = PBXFileReference; explicitFileType = sourcecode.c.h; fileEncoding = 30; name = OscReceivedElements.h; path = ../../../addons/ofxOsc/libs/oscpack/src/osc/OscReceivedElements.h; sourceTree = SOURCE_ROOT; };
		22565CAF8FFEF25C805A438F /* HexBinaryEncoding.cpp */ = {isa = PBXFileReference; explicitFileType = sourcecode.cpp.cpp; fileEncoding = 30; name = HexBinaryEncoding.cpp; path = ../../../addons/ofxIO/libs/ofxIO/src/HexBinaryEncoding.cpp; sourceTree = SOURCE_ROOT; };
		23640F57DF6C4BB6BFC5DA4C /* PacketListener.h */ = {isa = PBXFileReference; explicitFileType = sourcecode.c.h; fileEncoding = 30; name = PacketListener.h; path = ../../../addons/ofxOsc/libs/oscpack/src/ip/PacketListener.h; sourceTree = SOURCE_ROOT; };
		280D08C3289D60869BDAF7A6 /* ofxDmx.h */ = {isa = PBXFileReference; explicitFileType = sourcecode.c.h; fileEncoding = 30; name = ofxDmx.h; path = ../../../addons/ofxDmx/src/ofxDmx.h; sourceTree = SOURCE_ROOT; };
		2834D88A62CD23F3DE2C47D1 /* ofxButton.h */ = {isa = PBXFileReference; explicitFileType = sourcecode.c.h; fileEncoding = 30; name = ofxButton.h; path = ../../../addons/ofxGui/src/ofxButton.h; sourceTree = SOURCE_ROOT; };
		2B40EDA85BEB63E46785BC29 /* tinyxml.cpp */ = {isa = PBXFileReference; explicitFileType = sourcecode.cpp.cpp; fileEncoding = 30; name = tinyxml.cpp; path = ../../../addons/ofxXmlSettings/libs/tinyxml.cpp; sourceTree = SOURCE_ROOT; };
		2BC552B95352F479531DC424 /* snappy-stubs-internal.h */ = {isa = PBXFileReference; explicitFileType = sourcecode.c.h; fileEncoding = 30; name = "snappy-stubs-internal.h"; path = "../../../addons/ofxIO/libs/snappy/src/snappy-stubs-internal.h"; sourceTree = SOURCE_ROOT; };
		2D170F102215CF0511959D79 /* ByteBuffer.h */ = {isa = PBXFileReference; explicitFileType = sourcecode.c.h; fileEncoding = 30; name = ByteBuffer.h; path = ../../../addons/ofxIO/libs/ofxIO/include/ofx/IO/ByteBuffer.h; sourceTree = SOURCE_ROOT; };
		2EE3C26422275C7D402CCF25 /* audiodecodercoreaudio.cpp */ = {isa = PBXFileReference; explicitFileType = sourcecode.cpp.cpp; fileEncoding = 30; name = audiodecodercoreaudio.cpp; path = ../../../addons/ofxAudioDecoder/libs/src/audiodecodercoreaudio.cpp; sourceTree = SOURCE_ROOT; };
		2FB74FF42B08FC378F74B2B7 /* snappy-stubs-internal.cc */ = {isa = PBXFileReference; explicitFileType = sourcecode.cpp.cpp; fileEncoding = 30; name = "snappy-stubs-internal.cc"; path = "../../../addons/ofxIO/libs/snappy/src/snappy-stubs-internal.cc"; sourceTree = SOURCE_ROOT; };
		2FC8E2266FE2F5545775A16D /* Compression.cpp */ = {isa = PBXFileReference; explicitFileType = sourcecode.cpp.cpp; fileEncoding = 30; name = Compression.cpp; path = ../../../addons/ofxIO/libs/ofxIO/src/Compression.cpp; sourceTree = SOURCE_ROOT; };
		2FD4B0329909D3527F003494 /* UdpSocket.h */ = {isa = PBXFileReference; explicitFileType = sourcecode.c.h; fileEncoding = 30; name = UdpSocket.h; path = ../../../addons/ofxOsc/libs/oscpack/src/ip/UdpSocket.h; sourceTree = SOURCE_ROOT; };
		35846706B3B4291AFFEA045E /* ofxInputField.h */ = {isa = PBXFileReference; explicitFileType = sourcecode.c.h; fileEncoding = 30; name = ofxInputField.h; path = ../../../addons/ofxInputField/src/ofxInputField.h; sourceTree = SOURCE_ROOT; };
		370DA13018950E5BFF8CF171 /* LinkFilter.cpp */ = {isa = PBXFileReference; explicitFileType = sourcecode.cpp.cpp; fileEncoding = 30; name = LinkFilter.cpp; path = ../../../addons/ofxIO/libs/ofxIO/src/LinkFilter.cpp; sourceTree = SOURCE_ROOT; };
		3B361208CD4107E479F04E7B /* NetworkingUtils.cpp */ = {isa = PBXFileReference; explicitFileType = sourcecode.cpp.cpp; fileEncoding = 30; name = NetworkingUtils.cpp; path = ../../../addons/ofxOsc/libs/oscpack/src/ip/posix/NetworkingUtils.cpp; sourceTree = SOURCE_ROOT; };
		3CFE04CCE515BDEA95DEAA71 /* ByteBufferReader.h */ = {isa = PBXFileReference; explicitFileType = sourcecode.c.h; fileEncoding = 30; name = ByteBufferReader.h; path = ../../../addons/ofxIO/libs/ofxIO/include/ofx/IO/ByteBufferReader.h; sourceTree = SOURCE_ROOT; };
		4164C6C6CE5115889A99F42C /* COBSEncoding.cpp */ = {isa = PBXFileReference; explicitFileType = sourcecode.cpp.cpp; fileEncoding = 30; name = COBSEncoding.cpp; path = ../../../addons/ofxIO/libs/ofxIO/src/COBSEncoding.cpp; sourceTree = SOURCE_ROOT; };
		435636905F1CDAC0B05976DD /* ofxDmx.cpp */ = {isa = PBXFileReference; explicitFileType = sourcecode.cpp.cpp; fileEncoding = 30; name = ofxDmx.cpp; path = ../../../addons/ofxDmx/src/ofxDmx.cpp; sourceTree = SOURCE_ROOT; };
		444657A12E59D0ED86981498 /* TimerListener.h */ = {isa = PBXFileReference; explicitFileType = sourcecode.c.h; fileEncoding = 30; name = TimerListener.h; path = ../../../addons/ofxOsc/libs/oscpack/src/ip/TimerListener.h; sourceTree = SOURCE_ROOT; };
		4593838C4B4BCE40284AAE07 /* ofxIO.h */ = {isa = PBXFileReference; explicitFileType = sourcecode.c.h; fileEncoding = 30; name = ofxIO.h; path = ../../../addons/ofxIO/src/ofxIO.h; sourceTree = SOURCE_ROOT; };
		469AA5350C4777BED9805BC4 /* RecursiveDirectoryIteratorStategies.h */ = {isa = PBXFileReference; explicitFileType = sourcecode.c.h; fileEncoding = 30; name = RecursiveDirectoryIteratorStategies.h; path = ../../../addons/ofxIO/libs/ofxIO/include/ofx/RecursiveDirectoryIteratorStategies.h; sourceTree = SOURCE_ROOT; };
		47B9A234B65D63015C0CFEDD /* serial.cc */ = {isa = PBXFileReference; explicitFileType = sourcecode.cpp.cpp; fileEncoding = 30; name = serial.cc; path = ../../../addons/ofxSerial/libs/serial/src/serial.cc; sourceTree = SOURCE_ROOT; };
		48974F980F51769171D0B2F5 /* IpEndpointName.h */ = {isa = PBXFileReference; explicitFileType = sourcecode.c.h; fileEncoding = 30; name = IpEndpointName.h; path = ../../../addons/ofxOsc/libs/oscpack/src/ip/IpEndpointName.h; sourceTree = SOURCE_ROOT; };
		49685133551D0AEF06F1817A /* audiodecodercoreaudio.h */ = {isa = PBXFileReference; explicitFileType = sourcecode.c.h; fileEncoding = 30; name = audiodecodercoreaudio.h; path = ../../../addons/ofxAudioDecoder/libs/include/audiodecodercoreaudio.h; sourceTree = SOURCE_ROOT; };
		4D38898647BBFEEBB89C1569 /* alphanum.hpp */ = {isa = PBXFileReference; explicitFileType = sourcecode.c.h; fileEncoding = 30; name = alphanum.hpp; path = ../../../addons/ofxIO/libs/alphanum/include/alphanum.hpp; sourceTree = SOURCE_ROOT; };
		4E95FB446A9C9C6F0DE12D75 /* OscPrintReceivedElements.h */ = {isa = PBXFileReference; explicitFileType = sourcecode.c.h; fileEncoding = 30; name = OscPrintReceivedElements.h; path = ../../../addons/ofxOsc/libs/oscpack/src/osc/OscPrintReceivedElements.h; sourceTree = SOURCE_ROOT; };
		4EAC68CB142D702F9E3FD73E /* HexBinaryEncoding.h */ = {isa = PBXFileReference; explicitFileType = sourcecode.c.h; fileEncoding = 30; name = HexBinaryEncoding.h; path = ../../../addons/ofxIO/libs/ofxIO/include/ofx/IO/HexBinaryEncoding.h; sourceTree = SOURCE_ROOT; };
		50DF87D612C5AAE17AAFA6C0 /* ofxXmlSettings.cpp */ = {isa = PBXFileReference; explicitFileType = sourcecode.cpp.cpp; fileEncoding = 30; name = ofxXmlSettings.cpp; path = ../../../addons/ofxXmlSettings/src/ofxXmlSettings.cpp; sourceTree = SOURCE_ROOT; };
		5114D2AF276E4E6E9A67B342 /* PathFilterCollection.cpp */ = {isa = PBXFileReference; explicitFileType = sourcecode.cpp.cpp; fileEncoding = 30; name = PathFilterCollection.cpp; path = ../../../addons/ofxIO/libs/ofxIO/src/PathFilterCollection.cpp; sourceTree = SOURCE_ROOT; };
		52AFA1F08C420992CAAAE648 /* ofxSlider.h */ = {isa = PBXFileReference; explicitFileType = sourcecode.c.h; fileEncoding = 30; name = ofxSlider.h; path = ../../../addons/ofxGui/src/ofxSlider.h; sourceTree = SOURCE_ROOT; };
		53E1487610DB6C899AA08EAB /* audiodecoder.h */ = {isa = PBXFileReference; explicitFileType = sourcecode.c.h; fileEncoding = 30; name = audiodecoder.h; path = ../../../addons/ofxAudioDecoder/libs/include/audiodecoder.h; sourceTree = SOURCE_ROOT; };
		557678EEFF0D0C6D692D0DEC /* DeviceFilter.h */ = {isa = PBXFileReference; explicitFileType = sourcecode.c.h; fileEncoding = 30; name = DeviceFilter.h; path = ../../../addons/ofxIO/libs/ofxIO/include/ofx/IO/DeviceFilter.h; sourceTree = SOURCE_ROOT; };
		57E858FCDF1AB73089F1A9F0 /* HiddenFileFilter.h */ = {isa = PBXFileReference; explicitFileType = sourcecode.c.h; fileEncoding = 30; name = HiddenFileFilter.h; path = ../../../addons/ofxIO/libs/ofxIO/include/ofx/IO/HiddenFileFilter.h; sourceTree = SOURCE_ROOT; };
		5D4C9D17E0C3F84DDB888544 /* ByteBufferUtils.h */ = {isa = PBXFileReference; explicitFileType = sourcecode.c.h; fileEncoding = 30; name = ByteBufferUtils.h; path = ../../../addons/ofxIO/libs/ofxIO/include/ofx/IO/ByteBufferUtils.h; sourceTree = SOURCE_ROOT; };
		60F63F5C68476F0C9095B247 /* URIEncoding.cpp */ = {isa = PBXFileReference; explicitFileType = sourcecode.cpp.cpp; fileEncoding = 30; name = URIEncoding.cpp; path = ../../../addons/ofxIO/libs/ofxIO/src/URIEncoding.cpp; sourceTree = SOURCE_ROOT; };
		63A47AC60FFAFC3BF093EC0F /* OscOutboundPacketStream.cpp */ = {isa = PBXFileReference; explicitFileType = sourcecode.cpp.cpp; fileEncoding = 30; name = OscOutboundPacketStream.cpp; path = ../../../addons/ofxOsc/libs/oscpack/src/osc/OscOutboundPacketStream.cpp; sourceTree = SOURCE_ROOT; };
		64F728D0405D9777ECF43CD9 /* Base64Encoding.h */ = {isa = PBXFileReference; explicitFileType = sourcecode.c.h; fileEncoding = 30; name = Base64Encoding.h; path = ../../../addons/ofxIO/libs/ofxIO/include/ofx/IO/Base64Encoding.h; sourceTree = SOURCE_ROOT; };
		65EEFA3DA3526E9CDD9C21F9 /* ofxOscBundle.cpp */ = {isa = PBXFileReference; explicitFileType = sourcecode.cpp.cpp; fileEncoding = 30; name = ofxOscBundle.cpp; path = ../../../addons/ofxOsc/src/ofxOscBundle.cpp; sourceTree = SOURCE_ROOT; };
		67B9F66F8197CB04B450E465 /* SLIPEncoding.h */ = {isa = PBXFileReference; explicitFileType = sourcecode.c.h; fileEncoding = 30; name = SLIPEncoding.h; path = ../../../addons/ofxIO/libs/ofxIO/include/ofx/IO/SLIPEncoding.h; sourceTree = SOURCE_ROOT; };
		6B65E6930994CC4B2D2B8B33 /* OscPacketListener.h */ = {isa = PBXFileReference; explicitFileType = sourcecode.c.h; fileEncoding = 30; name = OscPacketListener.h; path = ../../../addons/ofxOsc/libs/oscpack/src/osc/OscPacketListener.h; sourceTree = SOURCE_ROOT; };
		6BD291FB03292C6D352C26FE /* FileExtensionFilter.cpp */ = {isa = PBXFileReference; explicitFileType = sourcecode.cpp.cpp; fileEncoding = 30; name = FileExtensionFilter.cpp; path = ../../../addons/ofxIO/libs/ofxIO/src/FileExtensionFilter.cpp; sourceTree = SOURCE_ROOT; };
		6FA24233D84E87A91BDEB0E6 /* v8stdint.h */ = {isa = PBXFileReference; explicitFileType = sourcecode.c.h; fileEncoding = 30; name = v8stdint.h; path = ../../../addons/ofxSerial/libs/serial/include/serial/v8stdint.h; sourceTree = SOURCE_ROOT; };
		72804EF074677512091594C2 /* snappy.h */ = {isa = PBXFileReference; explicitFileType = sourcecode.c.h; fileEncoding = 30; name = snappy.h; path = ../../../addons/ofxIO/libs/snappy/src/snappy.h; sourceTree = SOURCE_ROOT; };
		7362D621E1B9A92F5F4AC73B /* snappy.cc */ = {isa = PBXFileReference; explicitFileType = sourcecode.cpp.cpp; fileEncoding = 30; name = snappy.cc; path = ../../../addons/ofxIO/libs/snappy/src/snappy.cc; sourceTree = SOURCE_ROOT; };
		74D8EE7EA48D3877B6B4D822 /* MovementController.h */ = {isa = PBXFileReference; explicitFileType = sourcecode.c.h; fileEncoding = 30; name = MovementController.h; path = src/MovementController.h; sourceTree = SOURCE_ROOT; };
		7561705030EF5A13E97BE7C0 /* serial.h */ = {isa = PBXFileReference; explicitFileType = sourcecode.c.h; fileEncoding = 30; name = serial.h; path = ../../../addons/ofxSerial/libs/serial/include/serial/serial.h; sourceTree = SOURCE_ROOT; };
		7689F8A0F3D0B7635A8C3104 /* ofxOscArg.h */ = {isa = PBXFileReference; explicitFileType = sourcecode.c.h; fileEncoding = 30; name = ofxOscArg.h; path = ../../../addons/ofxOsc/src/ofxOscArg.h; sourceTree = SOURCE_ROOT; };
		7717E7D36A522CF834A85A8E /* audiodecoderbase.h */ = {isa = PBXFileReference; explicitFileType = sourcecode.c.h; fileEncoding = 30; name = audiodecoderbase.h; path = ../../../addons/ofxAudioDecoder/libs/include/audiodecoderbase.h; sourceTree = SOURCE_ROOT; };
		7767880A5DCD9314A3F9683E /* unix.h */ = {isa = PBXFileReference; explicitFileType = sourcecode.c.h; fileEncoding = 30; name = unix.h; path = ../../../addons/ofxSerial/libs/serial/include/serial/impl/unix.h; sourceTree = SOURCE_ROOT; };
		78D67A00EB899FAC09430597 /* ofxLabel.cpp */ = {isa = PBXFileReference; explicitFileType = sourcecode.cpp.cpp; fileEncoding = 30; name = ofxLabel.cpp; path = ../../../addons/ofxGui/src/ofxLabel.cpp; sourceTree = SOURCE_ROOT; };
		78F31C681EEA56AB00782D78 /* Keyframe.cpp */ = {isa = PBXFileReference; fileEncoding = 4; lastKnownFileType = sourcecode.cpp.cpp; path = Keyframe.cpp; sourceTree = "<group>"; };
		78F31C691EEA56AB00782D78 /* Keyframe.h */ = {isa = PBXFileReference; fileEncoding = 4; lastKnownFileType = sourcecode.c.h; path = Keyframe.h; sourceTree = "<group>"; };
		78F31C6A1EEA56AB00782D78 /* Timeline.cpp */ = {isa = PBXFileReference; fileEncoding = 4; lastKnownFileType = sourcecode.cpp.cpp; path = Timeline.cpp; sourceTree = "<group>"; };
		78F31C6B1EEA56AB00782D78 /* Timeline.h */ = {isa = PBXFileReference; fileEncoding = 4; lastKnownFileType = sourcecode.c.h; path = Timeline.h; sourceTree = "<group>"; };
		7913239832BBBF6B56ED2600 /* lz4.c */ = {isa = PBXFileReference; explicitFileType = sourcecode.c.c; fileEncoding = 30; name = lz4.c; path = ../../../addons/ofxIO/libs/lz4/src/lz4.c; sourceTree = SOURCE_ROOT; };
		79F1B32CBD205754ECBE956E /* list_ports_win.cc */ = {isa = PBXFileReference; explicitFileType = sourcecode.cpp.cpp; fileEncoding = 30; name = list_ports_win.cc; path = ../../../addons/ofxSerial/libs/serial/src/impl/list_ports/list_ports_win.cc; sourceTree = SOURCE_ROOT; };
		7B8F262E90F842B6011F0935 /* SerialDevice.cpp */ = {isa = PBXFileReference; explicitFileType = sourcecode.cpp.cpp; fileEncoding = 30; name = SerialDevice.cpp; path = ../../../addons/ofxSerial/libs/ofxSerial/src/SerialDevice.cpp; sourceTree = SOURCE_ROOT; };
		800D9CCA0F0B3D70CF25C2FF /* ofxSerial.h */ = {isa = PBXFileReference; explicitFileType = sourcecode.c.h; fileEncoding = 30; name = ofxSerial.h; path = ../../../addons/ofxSerial/src/ofxSerial.h; sourceTree = SOURCE_ROOT; };
		802251BAF1B35B1D67B32FD0 /* ofxSliderGroup.cpp */ = {isa = PBXFileReference; explicitFileType = sourcecode.cpp.cpp; fileEncoding = 30; name = ofxSliderGroup.cpp; path = ../../../addons/ofxGui/src/ofxSliderGroup.cpp; sourceTree = SOURCE_ROOT; };
		80C807326629BE7587C3A3B3 /* MovementController.cpp */ = {isa = PBXFileReference; explicitFileType = sourcecode.cpp.cpp; fileEncoding = 30; name = MovementController.cpp; path = src/MovementController.cpp; sourceTree = SOURCE_ROOT; };
		81967292BFC87A0144BD32C6 /* ofxOscSender.cpp */ = {isa = PBXFileReference; explicitFileType = sourcecode.cpp.cpp; fileEncoding = 30; name = ofxOscSender.cpp; path = ../../../addons/ofxOsc/src/ofxOscSender.cpp; sourceTree = SOURCE_ROOT; };
		832BDC407620CDBA568B713D /* tinyxmlerror.cpp */ = {isa = PBXFileReference; explicitFileType = sourcecode.cpp.cpp; fileEncoding = 30; name = tinyxmlerror.cpp; path = ../../../addons/ofxXmlSettings/libs/tinyxmlerror.cpp; sourceTree = SOURCE_ROOT; };
		857A942126908B1806B67CE6 /* list_ports_osx.cc */ = {isa = PBXFileReference; explicitFileType = sourcecode.cpp.cpp; fileEncoding = 30; name = list_ports_osx.cc; path = ../../../addons/ofxSerial/libs/serial/src/impl/list_ports/list_ports_osx.cc; sourceTree = SOURCE_ROOT; };
		85B399C99F9879F6C78EDE1B /* snappy-stubs-public.h */ = {isa = PBXFileReference; explicitFileType = sourcecode.c.h; fileEncoding = 30; name = "snappy-stubs-public.h"; path = "../../../addons/ofxIO/libs/snappy/src/snappy-stubs-public.h"; sourceTree = SOURCE_ROOT; };
		8628713AF7420163E5DCBD81 /* lrucache.hpp */ = {isa = PBXFileReference; explicitFileType = sourcecode.c.h; fileEncoding = 30; name = lrucache.hpp; path = "../../../addons/ofxIO/libs/cpp-lru-cache/include/lrucache.hpp"; sourceTree = SOURCE_ROOT; };
		87F26B4B24CBD428AD9EEBAA /* ofxBaseGui.h */ = {isa = PBXFileReference; explicitFileType = sourcecode.c.h; fileEncoding = 30; name = ofxBaseGui.h; path = ../../../addons/ofxGui/src/ofxBaseGui.h; sourceTree = SOURCE_ROOT; };
		89449E3044D456F7DE7BEA14 /* ofxPanel.h */ = {isa = PBXFileReference; explicitFileType = sourcecode.c.h; fileEncoding = 30; name = ofxPanel.h; path = ../../../addons/ofxGui/src/ofxPanel.h; sourceTree = SOURCE_ROOT; };
		89B60FB247E1F64013C716DC /* AbstractTypes.h */ = {isa = PBXFileReference; explicitFileType = sourcecode.c.h; fileEncoding = 30; name = AbstractTypes.h; path = ../../../addons/ofxIO/libs/ofxIO/include/ofx/IO/AbstractTypes.h; sourceTree = SOURCE_ROOT; };
		8B30E93FD3D3475EED522A0E /* ofxOscBundle.h */ = {isa = PBXFileReference; explicitFileType = sourcecode.c.h; fileEncoding = 30; name = ofxOscBundle.h; path = ../../../addons/ofxOsc/src/ofxOscBundle.h; sourceTree = SOURCE_ROOT; };
		8C75AFC8774A62495DD53464 /* ofxOscReceiver.h */ = {isa = PBXFileReference; explicitFileType = sourcecode.c.h; fileEncoding = 30; name = ofxOscReceiver.h; path = ../../../addons/ofxOsc/src/ofxOscReceiver.h; sourceTree = SOURCE_ROOT; };
		8CA7F50B0134479FADEBC335 /* SerialEvents.h */ = {isa = PBXFileReference; explicitFileType = sourcecode.c.h; fileEncoding = 30; name = SerialEvents.h; path = ../../../addons/ofxSerial/libs/ofxSerial/include/ofx/IO/SerialEvents.h; sourceTree = SOURCE_ROOT; };
		8D76B424A6DF4D70AACCDBAE /* SearchPath.cpp */ = {isa = PBXFileReference; explicitFileType = sourcecode.cpp.cpp; fileEncoding = 30; name = SearchPath.cpp; path = ../../../addons/ofxIO/libs/ofxIO/src/SearchPath.cpp; sourceTree = SOURCE_ROOT; };
		907C5B5E104864A2D3A25745 /* ofxToggle.cpp */ = {isa = PBXFileReference; explicitFileType = sourcecode.cpp.cpp; fileEncoding = 30; name = ofxToggle.cpp; path = ../../../addons/ofxGui/src/ofxToggle.cpp; sourceTree = SOURCE_ROOT; };
		90C2EFE21B5EE22A7F772AF8 /* CAStreamBasicDescription.h */ = {isa = PBXFileReference; explicitFileType = sourcecode.c.h; fileEncoding = 30; name = CAStreamBasicDescription.h; path = ../../../addons/ofxAudioDecoder/libs/include/apple/CAStreamBasicDescription.h; sourceTree = SOURCE_ROOT; };
		93384835C77BD4299F8A7F90 /* ByteBuffer.cpp */ = {isa = PBXFileReference; explicitFileType = sourcecode.cpp.cpp; fileEncoding = 30; name = ByteBuffer.cpp; path = ../../../addons/ofxIO/libs/ofxIO/src/ByteBuffer.cpp; sourceTree = SOURCE_ROOT; };
		9604B925D32EE39065747725 /* ofxBaseGui.cpp */ = {isa = PBXFileReference; explicitFileType = sourcecode.cpp.cpp; fileEncoding = 30; name = ofxBaseGui.cpp; path = ../../../addons/ofxGui/src/ofxBaseGui.cpp; sourceTree = SOURCE_ROOT; };
		9912FEC53B46A243A4DAC743 /* json.hpp */ = {isa = PBXFileReference; explicitFileType = sourcecode.c.h; fileEncoding = 30; name = json.hpp; path = ../../../addons/ofxIO/libs/json/include/json.hpp; sourceTree = SOURCE_ROOT; };
		9A430D6BD10DC31AE2D07DA0 /* snappy-sinksource.cc */ = {isa = PBXFileReference; explicitFileType = sourcecode.cpp.cpp; fileEncoding = 30; name = "snappy-sinksource.cc"; path = "../../../addons/ofxIO/libs/snappy/src/snappy-sinksource.cc"; sourceTree = SOURCE_ROOT; };
		9A967D1FAFA98A7CBBFA4F55 /* DirectoryUtils.cpp */ = {isa = PBXFileReference; explicitFileType = sourcecode.cpp.cpp; fileEncoding = 30; name = DirectoryUtils.cpp; path = ../../../addons/ofxIO/libs/ofxIO/src/DirectoryUtils.cpp; sourceTree = SOURCE_ROOT; };
		9BF3AA0D4FAA89D0F8A0E545 /* OscReceivedElements.cpp */ = {isa = PBXFileReference; explicitFileType = sourcecode.cpp.cpp; fileEncoding = 30; name = OscReceivedElements.cpp; path = ../../../addons/ofxOsc/libs/oscpack/src/osc/OscReceivedElements.cpp; sourceTree = SOURCE_ROOT; };
		9D639BA31583580D80CFE15D /* Base64Encoding.cpp */ = {isa = PBXFileReference; explicitFileType = sourcecode.cpp.cpp; fileEncoding = 30; name = Base64Encoding.cpp; path = ../../../addons/ofxIO/libs/ofxIO/src/Base64Encoding.cpp; sourceTree = SOURCE_ROOT; };
		9E2A709AC0FDCAC46BEC3DB4 /* RecursiveDirectoryIterator.h */ = {isa = PBXFileReference; explicitFileType = sourcecode.c.h; fileEncoding = 30; name = RecursiveDirectoryIterator.h; path = ../../../addons/ofxIO/libs/ofxIO/include/ofx/RecursiveDirectoryIterator.h; sourceTree = SOURCE_ROOT; };
		9F7986DC4EB05E75FCE2C777 /* ofxOscSender.h */ = {isa = PBXFileReference; explicitFileType = sourcecode.c.h; fileEncoding = 30; name = ofxOscSender.h; path = ../../../addons/ofxOsc/src/ofxOscSender.h; sourceTree = SOURCE_ROOT; };
		A28F98E9F26E32A14FAE918C /* SerialDeviceUtils.cpp */ = {isa = PBXFileReference; explicitFileType = sourcecode.cpp.cpp; fileEncoding = 30; name = SerialDeviceUtils.cpp; path = ../../../addons/ofxSerial/libs/ofxSerial/src/SerialDeviceUtils.cpp; sourceTree = SOURCE_ROOT; };
		A2AAA8CA403479E6FCDF920E /* OscHostEndianness.h */ = {isa = PBXFileReference; explicitFileType = sourcecode.c.h; fileEncoding = 30; name = OscHostEndianness.h; path = ../../../addons/ofxOsc/libs/oscpack/src/osc/OscHostEndianness.h; sourceTree = SOURCE_ROOT; };
		A7497F3C89F6AE38D9B609D8 /* KineticController.cpp */ = {isa = PBXFileReference; explicitFileType = sourcecode.cpp.cpp; fileEncoding = 30; name = KineticController.cpp; path = src/KineticController.cpp; sourceTree = SOURCE_ROOT; };
		A9ABBF4A56F7A5AAB5A5DC5D /* snappy-sinksource.h */ = {isa = PBXFileReference; explicitFileType = sourcecode.c.h; fileEncoding = 30; name = "snappy-sinksource.h"; path = "../../../addons/ofxIO/libs/snappy/src/snappy-sinksource.h"; sourceTree = SOURCE_ROOT; };
		ADD194746185E2DA11468377 /* IpEndpointName.cpp */ = {isa = PBXFileReference; explicitFileType = sourcecode.cpp.cpp; fileEncoding = 30; name = IpEndpointName.cpp; path = ../../../addons/ofxOsc/libs/oscpack/src/ip/IpEndpointName.cpp; sourceTree = SOURCE_ROOT; };
		AE335EB4709BFD4671EEAC84 /* MessageMappingOscPacketListener.h */ = {isa = PBXFileReference; explicitFileType = sourcecode.c.h; fileEncoding = 30; name = MessageMappingOscPacketListener.h; path = ../../../addons/ofxOsc/libs/oscpack/src/osc/MessageMappingOscPacketListener.h; sourceTree = SOURCE_ROOT; };
		B21E7E5F548EEA92F368040B /* tinyxml.h */ = {isa = PBXFileReference; explicitFileType = sourcecode.c.h; fileEncoding = 30; name = tinyxml.h; path = ../../../addons/ofxXmlSettings/libs/tinyxml.h; sourceTree = SOURCE_ROOT; };
		B31C608870ECEB2490A93736 /* ofxOscParameterSync.h */ = {isa = PBXFileReference; explicitFileType = sourcecode.c.h; fileEncoding = 30; name = ofxOscParameterSync.h; path = ../../../addons/ofxOsc/src/ofxOscParameterSync.h; sourceTree = SOURCE_ROOT; };
		B608BB92EA071BC82EB9F62F /* RecursiveDirectoryIteratorImpl.h */ = {isa = PBXFileReference; explicitFileType = sourcecode.c.h; fileEncoding = 30; name = RecursiveDirectoryIteratorImpl.h; path = ../../../addons/ofxIO/libs/ofxIO/include/ofx/RecursiveDirectoryIteratorImpl.h; sourceTree = SOURCE_ROOT; };
		B87C60311EC1FE841C1ECD89 /* ofxLabel.h */ = {isa = PBXFileReference; explicitFileType = sourcecode.c.h; fileEncoding = 30; name = ofxLabel.h; path = ../../../addons/ofxGui/src/ofxLabel.h; sourceTree = SOURCE_ROOT; };
		BC8881B3C8C0A1C45F042E7A /* OscPrintReceivedElements.cpp */ = {isa = PBXFileReference; explicitFileType = sourcecode.cpp.cpp; fileEncoding = 30; name = OscPrintReceivedElements.cpp; path = ../../../addons/ofxOsc/libs/oscpack/src/osc/OscPrintReceivedElements.cpp; sourceTree = SOURCE_ROOT; };
		BEFFAA5B8275E0AE066FC2E3 /* DirectoryWatcherManager.h */ = {isa = PBXFileReference; explicitFileType = sourcecode.c.h; fileEncoding = 30; name = DirectoryWatcherManager.h; path = ../../../addons/ofxIO/libs/ofxIO/include/ofx/IO/DirectoryWatcherManager.h; sourceTree = SOURCE_ROOT; };
		BF0BB2F28A4522316B1563A5 /* COBSEncoding.h */ = {isa = PBXFileReference; explicitFileType = sourcecode.c.h; fileEncoding = 30; name = COBSEncoding.h; path = ../../../addons/ofxIO/libs/ofxIO/include/ofx/IO/COBSEncoding.h; sourceTree = SOURCE_ROOT; };
		C2FAC65C491D4231379F3298 /* ofxOscReceiver.cpp */ = {isa = PBXFileReference; explicitFileType = sourcecode.cpp.cpp; fileEncoding = 30; name = ofxOscReceiver.cpp; path = ../../../addons/ofxOsc/src/ofxOscReceiver.cpp; sourceTree = SOURCE_ROOT; };
		C58862C6D212C8E8A83810F4 /* ofxOscMessage.h */ = {isa = PBXFileReference; explicitFileType = sourcecode.c.h; fileEncoding = 30; name = ofxOscMessage.h; path = ../../../addons/ofxOsc/src/ofxOscMessage.h; sourceTree = SOURCE_ROOT; };
		C6937888E126BADC8777423B /* OscTypes.h */ = {isa = PBXFileReference; explicitFileType = sourcecode.c.h; fileEncoding = 30; name = OscTypes.h; path = ../../../addons/ofxOsc/libs/oscpack/src/osc/OscTypes.h; sourceTree = SOURCE_ROOT; };
		C6C68D431AF8FD1A9E2DCFF2 /* ByteBufferStream.cpp */ = {isa = PBXFileReference; explicitFileType = sourcecode.cpp.cpp; fileEncoding = 30; name = ByteBufferStream.cpp; path = ../../../addons/ofxIO/libs/ofxIO/src/ByteBufferStream.cpp; sourceTree = SOURCE_ROOT; };
		C70D8946940288799E82131E /* ofxSliderGroup.h */ = {isa = PBXFileReference; explicitFileType = sourcecode.c.h; fileEncoding = 30; name = ofxSliderGroup.h; path = ../../../addons/ofxGui/src/ofxSliderGroup.h; sourceTree = SOURCE_ROOT; };
		C88333E71C9457E441C33474 /* ofxButton.cpp */ = {isa = PBXFileReference; explicitFileType = sourcecode.cpp.cpp; fileEncoding = 30; name = ofxButton.cpp; path = ../../../addons/ofxGui/src/ofxButton.cpp; sourceTree = SOURCE_ROOT; };
		C8F2762F4CCE12D7C1022DAA /* Compression.h */ = {isa = PBXFileReference; explicitFileType = sourcecode.c.h; fileEncoding = 30; name = Compression.h; path = ../../../addons/ofxIO/libs/ofxIO/include/ofx/IO/Compression.h; sourceTree = SOURCE_ROOT; };
		C9A879BA9671BF2E5A96DE5A /* ofxInputField.cpp */ = {isa = PBXFileReference; explicitFileType = sourcecode.cpp.cpp; fileEncoding = 30; name = ofxInputField.cpp; path = ../../../addons/ofxInputField/src/ofxInputField.cpp; sourceTree = SOURCE_ROOT; };
		C9BE77ADAEF79E623523E9D9 /* ByteBufferWriter.cpp */ = {isa = PBXFileReference; explicitFileType = sourcecode.cpp.cpp; fileEncoding = 30; name = ByteBufferWriter.cpp; path = ../../../addons/ofxIO/libs/ofxIO/src/ByteBufferWriter.cpp; sourceTree = SOURCE_ROOT; };
		CECE089D24F272DB22504892 /* DirectoryFilter.h */ = {isa = PBXFileReference; explicitFileType = sourcecode.c.h; fileEncoding = 30; name = DirectoryFilter.h; path = ../../../addons/ofxIO/libs/ofxIO/include/ofx/IO/DirectoryFilter.h; sourceTree = SOURCE_ROOT; };
		D1616DA13ECD5FC9DB4D5714 /* SLIPEncoding.cpp */ = {isa = PBXFileReference; explicitFileType = sourcecode.cpp.cpp; fileEncoding = 30; name = SLIPEncoding.cpp; path = ../../../addons/ofxIO/libs/ofxIO/src/SLIPEncoding.cpp; sourceTree = SOURCE_ROOT; };
		D1B098B33ACA6D5EF0DE53FB /* win.cc */ = {isa = PBXFileReference; explicitFileType = sourcecode.cpp.cpp; fileEncoding = 30; name = win.cc; path = ../../../addons/ofxSerial/libs/serial/src/impl/win.cc; sourceTree = SOURCE_ROOT; };
		D1F82A94BD80BDC78E0B1922 /* DirectoryUtils.h */ = {isa = PBXFileReference; explicitFileType = sourcecode.c.h; fileEncoding = 30; name = DirectoryUtils.h; path = ../../../addons/ofxIO/libs/ofxIO/include/ofx/IO/DirectoryUtils.h; sourceTree = SOURCE_ROOT; };
		D2071B2317B3E021307099D0 /* SerialDeviceUtils.h */ = {isa = PBXFileReference; explicitFileType = sourcecode.c.h; fileEncoding = 30; name = SerialDeviceUtils.h; path = ../../../addons/ofxSerial/libs/ofxSerial/include/ofx/IO/SerialDeviceUtils.h; sourceTree = SOURCE_ROOT; };
		D2388420E859BBA28ED2B4EE /* PacketSerialDevice.h */ = {isa = PBXFileReference; explicitFileType = sourcecode.c.h; fileEncoding = 30; name = PacketSerialDevice.h; path = ../../../addons/ofxSerial/libs/ofxSerial/include/ofx/IO/PacketSerialDevice.h; sourceTree = SOURCE_ROOT; };
		D9BFFBBF4CC43DEE890B3C3E /* OscTypes.cpp */ = {isa = PBXFileReference; explicitFileType = sourcecode.cpp.cpp; fileEncoding = 30; name = OscTypes.cpp; path = ../../../addons/ofxOsc/libs/oscpack/src/osc/OscTypes.cpp; sourceTree = SOURCE_ROOT; };
		DF49D76C45D5DB505A234880 /* ofxOscMessage.cpp */ = {isa = PBXFileReference; explicitFileType = sourcecode.cpp.cpp; fileEncoding = 30; name = ofxOscMessage.cpp; path = ../../../addons/ofxOsc/src/ofxOscMessage.cpp; sourceTree = SOURCE_ROOT; };
		E112B3AEBEA2C091BF2B40AE /* ofxPanel.cpp */ = {isa = PBXFileReference; explicitFileType = sourcecode.cpp.cpp; fileEncoding = 30; name = ofxPanel.cpp; path = ../../../addons/ofxGui/src/ofxPanel.cpp; sourceTree = SOURCE_ROOT; };
		E362E12547978AB05ABA9C57 /* DirectoryFilter.cpp */ = {isa = PBXFileReference; explicitFileType = sourcecode.cpp.cpp; fileEncoding = 30; name = DirectoryFilter.cpp; path = ../../../addons/ofxIO/libs/ofxIO/src/DirectoryFilter.cpp; sourceTree = SOURCE_ROOT; };
		E4328143138ABC890047C5CB /* openFrameworksLib.xcodeproj */ = {isa = PBXFileReference; lastKnownFileType = "wrapper.pb-project"; name = openFrameworksLib.xcodeproj; path = ../../../libs/openFrameworksCompiled/project/osx/openFrameworksLib.xcodeproj; sourceTree = SOURCE_ROOT; };
		E4B69B5B0A3A1756003C02F2 /* ParkYohoKineticControlDebug.app */ = {isa = PBXFileReference; explicitFileType = wrapper.application; includeInIndex = 0; path = ParkYohoKineticControlDebug.app; sourceTree = BUILT_PRODUCTS_DIR; };
		E4B69E1D0A3A1BDC003C02F2 /* main.cpp */ = {isa = PBXFileReference; fileEncoding = 30; lastKnownFileType = sourcecode.cpp.cpp; name = main.cpp; path = src/main.cpp; sourceTree = SOURCE_ROOT; };
		E4B69E1E0A3A1BDC003C02F2 /* ofApp.cpp */ = {isa = PBXFileReference; explicitFileType = sourcecode.cpp.cpp; fileEncoding = 30; name = ofApp.cpp; path = src/ofApp.cpp; sourceTree = SOURCE_ROOT; };
		E4B69E1F0A3A1BDC003C02F2 /* ofApp.h */ = {isa = PBXFileReference; fileEncoding = 30; lastKnownFileType = sourcecode.c.h; name = ofApp.h; path = src/ofApp.h; sourceTree = SOURCE_ROOT; };
		E4B6FCAD0C3E899E008CF71C /* openFrameworks-Info.plist */ = {isa = PBXFileReference; fileEncoding = 30; lastKnownFileType = text.plist.xml; path = "openFrameworks-Info.plist"; sourceTree = "<group>"; };
		E4EB691F138AFCF100A09F29 /* CoreOF.xcconfig */ = {isa = PBXFileReference; fileEncoding = 4; lastKnownFileType = text.xcconfig; name = CoreOF.xcconfig; path = ../../../libs/openFrameworksCompiled/project/osx/CoreOF.xcconfig; sourceTree = SOURCE_ROOT; };
		E4EB6923138AFD0F00A09F29 /* Project.xcconfig */ = {isa = PBXFileReference; fileEncoding = 4; lastKnownFileType = text.xcconfig; path = Project.xcconfig; sourceTree = "<group>"; };
		E4F6F31D084699BAD89878B9 /* unix.cc */ = {isa = PBXFileReference; explicitFileType = sourcecode.cpp.cpp; fileEncoding = 30; name = unix.cc; path = ../../../addons/ofxSerial/libs/serial/src/impl/unix.cc; sourceTree = SOURCE_ROOT; };
		E6DEF695B88BA5FAACEAA937 /* UdpSocket.cpp */ = {isa = PBXFileReference; explicitFileType = sourcecode.cpp.cpp; fileEncoding = 30; name = UdpSocket.cpp; path = ../../../addons/ofxOsc/libs/oscpack/src/ip/posix/UdpSocket.cpp; sourceTree = SOURCE_ROOT; };
		E8AF8381484827A10A418B26 /* SearchPath.h */ = {isa = PBXFileReference; explicitFileType = sourcecode.c.h; fileEncoding = 30; name = SearchPath.h; path = ../../../addons/ofxIO/libs/ofxIO/include/ofx/IO/SearchPath.h; sourceTree = SOURCE_ROOT; };
		E95C4518AEDCDBEA357754B0 /* RecursiveDirectoryIterator.cpp */ = {isa = PBXFileReference; explicitFileType = sourcecode.cpp.cpp; fileEncoding = 30; name = RecursiveDirectoryIterator.cpp; path = ../../../addons/ofxIO/libs/ofxIO/src/RecursiveDirectoryIterator.cpp; sourceTree = SOURCE_ROOT; };
		EBECBB67C55635D1B4871A42 /* snappy-internal.h */ = {isa = PBXFileReference; explicitFileType = sourcecode.c.h; fileEncoding = 30; name = "snappy-internal.h"; path = "../../../addons/ofxIO/libs/snappy/src/snappy-internal.h"; sourceTree = SOURCE_ROOT; };
		ECF8674C7975F1063C5E30CA /* ofxGuiGroup.cpp */ = {isa = PBXFileReference; explicitFileType = sourcecode.cpp.cpp; fileEncoding = 30; name = ofxGuiGroup.cpp; path = ../../../addons/ofxGui/src/ofxGuiGroup.cpp; sourceTree = SOURCE_ROOT; };
		F0B7B8B3CBC6603E4EBB50CB /* list_ports_linux.cc */ = {isa = PBXFileReference; explicitFileType = sourcecode.cpp.cpp; fileEncoding = 30; name = list_ports_linux.cc; path = ../../../addons/ofxSerial/libs/serial/src/impl/list_ports/list_ports_linux.cc; sourceTree = SOURCE_ROOT; };
		F27637AABA89A235C5974D56 /* RecursiveDirectoryIteratorStategies.cpp */ = {isa = PBXFileReference; explicitFileType = sourcecode.cpp.cpp; fileEncoding = 30; name = RecursiveDirectoryIteratorStategies.cpp; path = ../../../addons/ofxIO/libs/ofxIO/src/RecursiveDirectoryIteratorStategies.cpp; sourceTree = SOURCE_ROOT; };
		F4030B6B8EDE26878C8D74F1 /* ByteBufferWriter.h */ = {isa = PBXFileReference; explicitFileType = sourcecode.c.h; fileEncoding = 30; name = ByteBufferWriter.h; path = ../../../addons/ofxIO/libs/ofxIO/include/ofx/IO/ByteBufferWriter.h; sourceTree = SOURCE_ROOT; };
		F4F5B6B8BA2BD52C646ED908 /* OscException.h */ = {isa = PBXFileReference; explicitFileType = sourcecode.c.h; fileEncoding = 30; name = OscException.h; path = ../../../addons/ofxOsc/libs/oscpack/src/osc/OscException.h; sourceTree = SOURCE_ROOT; };
		F57139F864890F6358112C25 /* win.h */ = {isa = PBXFileReference; explicitFileType = sourcecode.c.h; fileEncoding = 30; name = win.h; path = ../../../addons/ofxSerial/libs/serial/include/serial/impl/win.h; sourceTree = SOURCE_ROOT; };
		F5E31A831B4A68051A87AB3F /* lz4.h */ = {isa = PBXFileReference; explicitFileType = sourcecode.c.h; fileEncoding = 30; name = lz4.h; path = ../../../addons/ofxIO/libs/lz4/src/lz4.h; sourceTree = SOURCE_ROOT; };
		F7FBC56859535E597B24BB91 /* NetworkingUtils.h */ = {isa = PBXFileReference; explicitFileType = sourcecode.c.h; fileEncoding = 30; name = NetworkingUtils.h; path = ../../../addons/ofxOsc/libs/oscpack/src/ip/NetworkingUtils.h; sourceTree = SOURCE_ROOT; };
		FB0997B62B97D7513CD396A2 /* BufferedSerialDevice.h */ = {isa = PBXFileReference; explicitFileType = sourcecode.c.h; fileEncoding = 30; name = BufferedSerialDevice.h; path = ../../../addons/ofxSerial/libs/ofxSerial/include/ofx/IO/BufferedSerialDevice.h; sourceTree = SOURCE_ROOT; };
		FC5DA1C87211D4F6377DA719 /* tinyxmlparser.cpp */ = {isa = PBXFileReference; explicitFileType = sourcecode.cpp.cpp; fileEncoding = 30; name = tinyxmlparser.cpp; path = ../../../addons/ofxXmlSettings/libs/tinyxmlparser.cpp; sourceTree = SOURCE_ROOT; };
		FCAF85B857266C511DB50341 /* HiddenFileFilter.cpp */ = {isa = PBXFileReference; explicitFileType = sourcecode.cpp.cpp; fileEncoding = 30; name = HiddenFileFilter.cpp; path = ../../../addons/ofxIO/libs/ofxIO/src/HiddenFileFilter.cpp; sourceTree = SOURCE_ROOT; };
		FD35DEC21FE06BF7F1516022 /* RegexPathFilter.h */ = {isa = PBXFileReference; explicitFileType = sourcecode.c.h; fileEncoding = 30; name = RegexPathFilter.h; path = ../../../addons/ofxIO/libs/ofxIO/include/ofx/IO/RegexPathFilter.h; sourceTree = SOURCE_ROOT; };
		FDB137BD0187E28CD8B59874 /* BufferedSerialDevice.cpp */ = {isa = PBXFileReference; explicitFileType = sourcecode.cpp.cpp; fileEncoding = 30; name = BufferedSerialDevice.cpp; path = ../../../addons/ofxSerial/libs/ofxSerial/src/BufferedSerialDevice.cpp; sourceTree = SOURCE_ROOT; };
		FE5B3B19544657B6F9CCCA03 /* ByteBufferUtils.cpp */ = {isa = PBXFileReference; explicitFileType = sourcecode.cpp.cpp; fileEncoding = 30; name = ByteBufferUtils.cpp; path = ../../../addons/ofxIO/libs/ofxIO/src/ByteBufferUtils.cpp; sourceTree = SOURCE_ROOT; };
		FF4AB1E6C60B588369863CA7 /* CADebugMacros.h */ = {isa = PBXFileReference; explicitFileType = sourcecode.c.h; fileEncoding = 30; name = CADebugMacros.h; path = ../../../addons/ofxAudioDecoder/libs/include/apple/CADebugMacros.h; sourceTree = SOURCE_ROOT; };
/* End PBXFileReference section */

/* Begin PBXFrameworksBuildPhase section */
		E4B69B590A3A1756003C02F2 /* Frameworks */ = {
			isa = PBXFrameworksBuildPhase;
			buildActionMask = 2147483647;
			files = (
				E4328149138ABC9F0047C5CB /* openFrameworksDebug.a in Frameworks */,
			);
			runOnlyForDeploymentPostprocessing = 0;
		};
/* End PBXFrameworksBuildPhase section */

/* Begin PBXGroup section */
		02C663A3035CB2AF8BCE07DC /* src */ = {
			isa = PBXGroup;
			children = (
				7913239832BBBF6B56ED2600 /* lz4.c */,
				F5E31A831B4A68051A87AB3F /* lz4.h */,
			);
			name = src;
			sourceTree = "<group>";
		};
		0B9802A8A246D3F781E0EF07 /* impl */ = {
			isa = PBXGroup;
			children = (
				7767880A5DCD9314A3F9683E /* unix.h */,
				F57139F864890F6358112C25 /* win.h */,
			);
			name = impl;
			sourceTree = "<group>";
		};
		15F500C5D0A99B5F06933A4B /* IO */ = {
			isa = PBXGroup;
			children = (
				FB0997B62B97D7513CD396A2 /* BufferedSerialDevice.h */,
				D2388420E859BBA28ED2B4EE /* PacketSerialDevice.h */,
				079299A87017EDB0524077EA /* SerialDevice.h */,
				D2071B2317B3E021307099D0 /* SerialDeviceUtils.h */,
				8CA7F50B0134479FADEBC335 /* SerialEvents.h */,
			);
			name = IO;
			sourceTree = "<group>";
		};
		1F4FB5C423662B96ADFDCC0B /* ofxXmlSettings */ = {
			isa = PBXGroup;
			children = (
				6ECEF0D76BC33727823EADFF /* src */,
				6E54289412D2D94F45A05113 /* libs */,
			);
			name = ofxXmlSettings;
			sourceTree = "<group>";
		};
		1FE55F3FCBD156AC7D591F69 /* libs */ = {
			isa = PBXGroup;
			children = (
				B40D93E4E6198327D6DA7BFA /* alphanum */,
				7131B8AF61291F2E2704864E /* cpp-lru-cache */,
				DFC5BBCB8B0B86B7FF7C1CE8 /* json */,
				8FE15F6815C4A8DE40915EAE /* lz4 */,
				92CF4367AF54E202BCF9E084 /* ofxIO */,
				D86EF5293C3BFC96A82C8EB7 /* snappy */,
			);
			name = libs;
			sourceTree = "<group>";
		};
		30CB364908817057B430D528 /* osc */ = {
			isa = PBXGroup;
			children = (
				AE335EB4709BFD4671EEAC84 /* MessageMappingOscPacketListener.h */,
				F4F5B6B8BA2BD52C646ED908 /* OscException.h */,
				A2AAA8CA403479E6FCDF920E /* OscHostEndianness.h */,
				63A47AC60FFAFC3BF093EC0F /* OscOutboundPacketStream.cpp */,
				029684CF678F70F6D3537A29 /* OscOutboundPacketStream.h */,
				6B65E6930994CC4B2D2B8B33 /* OscPacketListener.h */,
				BC8881B3C8C0A1C45F042E7A /* OscPrintReceivedElements.cpp */,
				4E95FB446A9C9C6F0DE12D75 /* OscPrintReceivedElements.h */,
				9BF3AA0D4FAA89D0F8A0E545 /* OscReceivedElements.cpp */,
				20F35AFADAF0068B067E713F /* OscReceivedElements.h */,
				D9BFFBBF4CC43DEE890B3C3E /* OscTypes.cpp */,
				C6937888E126BADC8777423B /* OscTypes.h */,
			);
			name = osc;
			sourceTree = "<group>";
		};
		38871A5825686AE018EC2BF0 /* libs */ = {
			isa = PBXGroup;
			children = (
				86D2677079A3AF4A5A88E29A /* oscpack */,
			);
			name = libs;
			sourceTree = "<group>";
		};
		3F13BF933566839ED4C7CCED /* include */ = {
			isa = PBXGroup;
			children = (
				D1C382A37EE661F51AA773CC /* ofx */,
			);
			name = include;
			sourceTree = "<group>";
		};
		480A780D8D0308AE4A368801 /* ofxGui */ = {
			isa = PBXGroup;
			children = (
				A763ED608B35AE3310251DEE /* src */,
			);
			name = ofxGui;
			sourceTree = "<group>";
		};
		4A9E9C4D593FEAC751445421 /* src */ = {
			isa = PBXGroup;
			children = (
				EBECBB67C55635D1B4871A42 /* snappy-internal.h */,
				9A430D6BD10DC31AE2D07DA0 /* snappy-sinksource.cc */,
				A9ABBF4A56F7A5AAB5A5DC5D /* snappy-sinksource.h */,
				2FB74FF42B08FC378F74B2B7 /* snappy-stubs-internal.cc */,
				2BC552B95352F479531DC424 /* snappy-stubs-internal.h */,
				85B399C99F9879F6C78EDE1B /* snappy-stubs-public.h */,
				7362D621E1B9A92F5F4AC73B /* snappy.cc */,
				72804EF074677512091594C2 /* snappy.h */,
			);
			name = src;
			sourceTree = "<group>";
		};
		526C0E0654F6F87F802EBE13 /* libs */ = {
			isa = PBXGroup;
			children = (
				A133AE7383B29E66D684559A /* include */,
				58047649A01E9261E74AC1C4 /* src */,
			);
			name = libs;
			sourceTree = "<group>";
		};
		58047649A01E9261E74AC1C4 /* src */ = {
			isa = PBXGroup;
			children = (
				0B54B44EFD41F864E0BD75D7 /* audiodecoderbase.cpp */,
				2EE3C26422275C7D402CCF25 /* audiodecodercoreaudio.cpp */,
			);
			name = src;
			sourceTree = "<group>";
		};
		641362CA659FAFEE4E81001B /* posix */ = {
			isa = PBXGroup;
			children = (
				3B361208CD4107E479F04E7B /* NetworkingUtils.cpp */,
				E6DEF695B88BA5FAACEAA937 /* UdpSocket.cpp */,
			);
			name = posix;
			sourceTree = "<group>";
		};
		671923EC06F4340D8255DA22 /* include */ = {
			isa = PBXGroup;
			children = (
				4D38898647BBFEEBB89C1569 /* alphanum.hpp */,
			);
			name = include;
			sourceTree = "<group>";
		};
		6948EE371B920CB800B5AC1A /* local_addons */ = {
			isa = PBXGroup;
			children = (
			);
			name = local_addons;
			sourceTree = "<group>";
		};
		6B4528F898B3032BB3689FFD /* libs */ = {
			isa = PBXGroup;
			children = (
				6F72ECC5B858CCFD7BB7730D /* ofxSerial */,
				A66804D9CE45B49AA3D91734 /* serial */,
			);
			name = libs;
			sourceTree = "<group>";
		};
		6E54289412D2D94F45A05113 /* libs */ = {
			isa = PBXGroup;
			children = (
				2B40EDA85BEB63E46785BC29 /* tinyxml.cpp */,
				B21E7E5F548EEA92F368040B /* tinyxml.h */,
				832BDC407620CDBA568B713D /* tinyxmlerror.cpp */,
				FC5DA1C87211D4F6377DA719 /* tinyxmlparser.cpp */,
			);
			name = libs;
			sourceTree = "<group>";
		};
		6ECEF0D76BC33727823EADFF /* src */ = {
			isa = PBXGroup;
			children = (
				50DF87D612C5AAE17AAFA6C0 /* ofxXmlSettings.cpp */,
				01DCC0911400F9ACF5B65578 /* ofxXmlSettings.h */,
			);
			name = src;
			sourceTree = "<group>";
		};
		6F72ECC5B858CCFD7BB7730D /* ofxSerial */ = {
			isa = PBXGroup;
			children = (
				EAD170A2CC62C03AE884C98B /* include */,
				972457A92053E129B1C252D5 /* src */,
			);
			name = ofxSerial;
			sourceTree = "<group>";
		};
		7131B8AF61291F2E2704864E /* cpp-lru-cache */ = {
			isa = PBXGroup;
			children = (
				EBAF198F99616C610926C7E2 /* include */,
			);
			name = "cpp-lru-cache";
			sourceTree = "<group>";
		};
		74E2D0CA86ACE812E0440D92 /* list_ports */ = {
			isa = PBXGroup;
			children = (
				F0B7B8B3CBC6603E4EBB50CB /* list_ports_linux.cc */,
				857A942126908B1806B67CE6 /* list_ports_osx.cc */,
				79F1B32CBD205754ECBE956E /* list_ports_win.cc */,
			);
			name = list_ports;
			sourceTree = "<group>";
		};
		7B9DC4DD8E561CAEF77C5860 /* ofxInputField */ = {
			isa = PBXGroup;
			children = (
				CBF36CA6679B2FE1BDAEC1EA /* src */,
			);
			name = ofxInputField;
			sourceTree = "<group>";
		};
		81B9E335116A816EA1D2A2FA /* IO */ = {
			isa = PBXGroup;
			children = (
				89B60FB247E1F64013C716DC /* AbstractTypes.h */,
				64F728D0405D9777ECF43CD9 /* Base64Encoding.h */,
				2D170F102215CF0511959D79 /* ByteBuffer.h */,
				3CFE04CCE515BDEA95DEAA71 /* ByteBufferReader.h */,
				08401BD1A5AEF44AFF422B23 /* ByteBufferStream.h */,
				5D4C9D17E0C3F84DDB888544 /* ByteBufferUtils.h */,
				F4030B6B8EDE26878C8D74F1 /* ByteBufferWriter.h */,
				BF0BB2F28A4522316B1563A5 /* COBSEncoding.h */,
				C8F2762F4CCE12D7C1022DAA /* Compression.h */,
				557678EEFF0D0C6D692D0DEC /* DeviceFilter.h */,
				CECE089D24F272DB22504892 /* DirectoryFilter.h */,
				D1F82A94BD80BDC78E0B1922 /* DirectoryUtils.h */,
				BEFFAA5B8275E0AE066FC2E3 /* DirectoryWatcherManager.h */,
				1C011DA756FF131FC46A2907 /* FileExtensionFilter.h */,
				4EAC68CB142D702F9E3FD73E /* HexBinaryEncoding.h */,
				57E858FCDF1AB73089F1A9F0 /* HiddenFileFilter.h */,
				14290ED8DE68778AE3023FBC /* LinkFilter.h */,
				0FC82546C315D104CC8178D7 /* PathFilterCollection.h */,
				FD35DEC21FE06BF7F1516022 /* RegexPathFilter.h */,
				E8AF8381484827A10A418B26 /* SearchPath.h */,
				67B9F66F8197CB04B450E465 /* SLIPEncoding.h */,
				1E8B79D0091B95C305295952 /* URIEncoding.h */,
			);
			name = IO;
			sourceTree = "<group>";
		};
		827E879AF9EC79A81A74CC6F /* src */ = {
			isa = PBXGroup;
			children = (
				9D639BA31583580D80CFE15D /* Base64Encoding.cpp */,
				93384835C77BD4299F8A7F90 /* ByteBuffer.cpp */,
				021CAF811F031FFBDFB18797 /* ByteBufferReader.cpp */,
				C6C68D431AF8FD1A9E2DCFF2 /* ByteBufferStream.cpp */,
				FE5B3B19544657B6F9CCCA03 /* ByteBufferUtils.cpp */,
				C9BE77ADAEF79E623523E9D9 /* ByteBufferWriter.cpp */,
				4164C6C6CE5115889A99F42C /* COBSEncoding.cpp */,
				2FC8E2266FE2F5545775A16D /* Compression.cpp */,
				00F3330A5DEBD082CEE0C12C /* DeviceFilter.cpp */,
				E362E12547978AB05ABA9C57 /* DirectoryFilter.cpp */,
				9A967D1FAFA98A7CBBFA4F55 /* DirectoryUtils.cpp */,
				12A42DF3BFDE28A4818C2EC4 /* DirectoryWatcher.cpp */,
				0B6179498D0110BD2E161373 /* DirectoryWatcherManager.cpp */,
				6BD291FB03292C6D352C26FE /* FileExtensionFilter.cpp */,
				22565CAF8FFEF25C805A438F /* HexBinaryEncoding.cpp */,
				FCAF85B857266C511DB50341 /* HiddenFileFilter.cpp */,
				370DA13018950E5BFF8CF171 /* LinkFilter.cpp */,
				5114D2AF276E4E6E9A67B342 /* PathFilterCollection.cpp */,
				E95C4518AEDCDBEA357754B0 /* RecursiveDirectoryIterator.cpp */,
				F27637AABA89A235C5974D56 /* RecursiveDirectoryIteratorStategies.cpp */,
				13D68F0C2CAE7809D621924C /* RegexPathFilter.cpp */,
				8D76B424A6DF4D70AACCDBAE /* SearchPath.cpp */,
				D1616DA13ECD5FC9DB4D5714 /* SLIPEncoding.cpp */,
				60F63F5C68476F0C9095B247 /* URIEncoding.cpp */,
			);
			name = src;
			sourceTree = "<group>";
		};
		86D2677079A3AF4A5A88E29A /* oscpack */ = {
			isa = PBXGroup;
			children = (
				D27B2221A225CA523C019676 /* src */,
			);
			name = oscpack;
			sourceTree = "<group>";
		};
		8C9A1E9FB4FA1857DA84CA9F /* src */ = {
			isa = PBXGroup;
			children = (
				EBDEF003D846994FE2BA8602 /* impl */,
				47B9A234B65D63015C0CFEDD /* serial.cc */,
			);
			name = src;
			sourceTree = "<group>";
		};
		8FE15F6815C4A8DE40915EAE /* lz4 */ = {
			isa = PBXGroup;
			children = (
				02C663A3035CB2AF8BCE07DC /* src */,
			);
			name = lz4;
			sourceTree = "<group>";
		};
		92CF4367AF54E202BCF9E084 /* ofxIO */ = {
			isa = PBXGroup;
			children = (
				3F13BF933566839ED4C7CCED /* include */,
				827E879AF9EC79A81A74CC6F /* src */,
			);
			name = ofxIO;
			sourceTree = "<group>";
		};
		92E528A9DEEBED1AFEDC17AD /* apple */ = {
			isa = PBXGroup;
			children = (
				FF4AB1E6C60B588369863CA7 /* CADebugMacros.h */,
				90C2EFE21B5EE22A7F772AF8 /* CAStreamBasicDescription.h */,
			);
			name = apple;
			sourceTree = "<group>";
		};
		972457A92053E129B1C252D5 /* src */ = {
			isa = PBXGroup;
			children = (
				FDB137BD0187E28CD8B59874 /* BufferedSerialDevice.cpp */,
				7B8F262E90F842B6011F0935 /* SerialDevice.cpp */,
				A28F98E9F26E32A14FAE918C /* SerialDeviceUtils.cpp */,
			);
			name = src;
			sourceTree = "<group>";
		};
		9C10541A7618D99B3938950F /* ofxDmx */ = {
			isa = PBXGroup;
			children = (
				D3C1D2B97FD177D0ACC65268 /* src */,
			);
			name = ofxDmx;
			sourceTree = "<group>";
		};
		A133AE7383B29E66D684559A /* include */ = {
			isa = PBXGroup;
			children = (
				92E528A9DEEBED1AFEDC17AD /* apple */,
				53E1487610DB6C899AA08EAB /* audiodecoder.h */,
				7717E7D36A522CF834A85A8E /* audiodecoderbase.h */,
				49685133551D0AEF06F1817A /* audiodecodercoreaudio.h */,
			);
			name = include;
			sourceTree = "<group>";
		};
		A5F870D5915B31AB56254EA7 /* src */ = {
			isa = PBXGroup;
			children = (
				09535104AE13A73B23DCF56B /* ofxAudioDecoder.cpp */,
				19B6C350D9FAA9277E9345CF /* ofxAudioDecoder.h */,
			);
			name = src;
			sourceTree = "<group>";
		};
		A66804D9CE45B49AA3D91734 /* serial */ = {
			isa = PBXGroup;
			children = (
				B98B12B675C8D0F9FE8A8513 /* include */,
				8C9A1E9FB4FA1857DA84CA9F /* src */,
			);
			name = serial;
			sourceTree = "<group>";
		};
		A763ED608B35AE3310251DEE /* src */ = {
			isa = PBXGroup;
			children = (
				9604B925D32EE39065747725 /* ofxBaseGui.cpp */,
				87F26B4B24CBD428AD9EEBAA /* ofxBaseGui.h */,
				C88333E71C9457E441C33474 /* ofxButton.cpp */,
				2834D88A62CD23F3DE2C47D1 /* ofxButton.h */,
				17E65988300FBD9AAA2CD0CA /* ofxGui.h */,
				ECF8674C7975F1063C5E30CA /* ofxGuiGroup.cpp */,
				1C0DA2561397A7DE0246858B /* ofxGuiGroup.h */,
				78D67A00EB899FAC09430597 /* ofxLabel.cpp */,
				B87C60311EC1FE841C1ECD89 /* ofxLabel.h */,
				E112B3AEBEA2C091BF2B40AE /* ofxPanel.cpp */,
				89449E3044D456F7DE7BEA14 /* ofxPanel.h */,
				15F2C6477A769C03A56D1401 /* ofxSlider.cpp */,
				52AFA1F08C420992CAAAE648 /* ofxSlider.h */,
				802251BAF1B35B1D67B32FD0 /* ofxSliderGroup.cpp */,
				C70D8946940288799E82131E /* ofxSliderGroup.h */,
				907C5B5E104864A2D3A25745 /* ofxToggle.cpp */,
				0A1DAC09F322AE313A40706D /* ofxToggle.h */,
			);
			name = src;
			sourceTree = "<group>";
		};
		A8792B4B23B2F70E1065D67F /* ofxIO */ = {
			isa = PBXGroup;
			children = (
				D86C6322CF7554A9BE5EB8BF /* src */,
				1FE55F3FCBD156AC7D591F69 /* libs */,
			);
			name = ofxIO;
			sourceTree = "<group>";
		};
		AA24935388D450F0915FB614 /* ofx */ = {
			isa = PBXGroup;
			children = (
				15F500C5D0A99B5F06933A4B /* IO */,
			);
			name = ofx;
			sourceTree = "<group>";
		};
		B40D93E4E6198327D6DA7BFA /* alphanum */ = {
			isa = PBXGroup;
			children = (
				671923EC06F4340D8255DA22 /* include */,
			);
			name = alphanum;
			sourceTree = "<group>";
		};
		B98B12B675C8D0F9FE8A8513 /* include */ = {
			isa = PBXGroup;
			children = (
				E110390D2FAB4496F3B4BE39 /* serial */,
			);
			name = include;
			sourceTree = "<group>";
		};
		BB4B014C10F69532006C3DED /* addons */ = {
			isa = PBXGroup;
			children = (
				E57BA9F5B131DD75E7F6B1AC /* ofxAudioDecoder */,
				9C10541A7618D99B3938950F /* ofxDmx */,
				480A780D8D0308AE4A368801 /* ofxGui */,
				A8792B4B23B2F70E1065D67F /* ofxIO */,
				7B9DC4DD8E561CAEF77C5860 /* ofxInputField */,
				E6053AB7FEC63D5F83825B88 /* ofxOsc */,
				BDBA4E6BCE9C79945EF60873 /* ofxSerial */,
				1F4FB5C423662B96ADFDCC0B /* ofxXmlSettings */,
			);
			name = addons;
			sourceTree = "<group>";
		};
		BD2F1A9F8D0C05EDB29122D0 /* src */ = {
			isa = PBXGroup;
			children = (
				00D6D32B84B099226431108C /* ofxOsc.h */,
				7689F8A0F3D0B7635A8C3104 /* ofxOscArg.h */,
				65EEFA3DA3526E9CDD9C21F9 /* ofxOscBundle.cpp */,
				8B30E93FD3D3475EED522A0E /* ofxOscBundle.h */,
				DF49D76C45D5DB505A234880 /* ofxOscMessage.cpp */,
				C58862C6D212C8E8A83810F4 /* ofxOscMessage.h */,
				0AED834CE4DEC5260AF302A2 /* ofxOscParameterSync.cpp */,
				B31C608870ECEB2490A93736 /* ofxOscParameterSync.h */,
				C2FAC65C491D4231379F3298 /* ofxOscReceiver.cpp */,
				8C75AFC8774A62495DD53464 /* ofxOscReceiver.h */,
				81967292BFC87A0144BD32C6 /* ofxOscSender.cpp */,
				9F7986DC4EB05E75FCE2C777 /* ofxOscSender.h */,
			);
			name = src;
			sourceTree = "<group>";
		};
		BDBA4E6BCE9C79945EF60873 /* ofxSerial */ = {
			isa = PBXGroup;
			children = (
				FF8468D5B2307E18FA22FAD0 /* src */,
				6B4528F898B3032BB3689FFD /* libs */,
			);
			name = ofxSerial;
			sourceTree = "<group>";
		};
		CBF36CA6679B2FE1BDAEC1EA /* src */ = {
			isa = PBXGroup;
			children = (
				C9A879BA9671BF2E5A96DE5A /* ofxInputField.cpp */,
				35846706B3B4291AFFEA045E /* ofxInputField.h */,
			);
			name = src;
			sourceTree = "<group>";
		};
		D1C382A37EE661F51AA773CC /* ofx */ = {
			isa = PBXGroup;
			children = (
				181F02B531162F6039F6ADC2 /* DirectoryWatcher.h */,
				81B9E335116A816EA1D2A2FA /* IO */,
				9E2A709AC0FDCAC46BEC3DB4 /* RecursiveDirectoryIterator.h */,
				B608BB92EA071BC82EB9F62F /* RecursiveDirectoryIteratorImpl.h */,
				469AA5350C4777BED9805BC4 /* RecursiveDirectoryIteratorStategies.h */,
			);
			name = ofx;
			sourceTree = "<group>";
		};
		D27B2221A225CA523C019676 /* src */ = {
			isa = PBXGroup;
			children = (
				FF8CDF57858E9B94E3237115 /* ip */,
				30CB364908817057B430D528 /* osc */,
			);
			name = src;
			sourceTree = "<group>";
		};
		D3C1D2B97FD177D0ACC65268 /* src */ = {
			isa = PBXGroup;
			children = (
				435636905F1CDAC0B05976DD /* ofxDmx.cpp */,
				280D08C3289D60869BDAF7A6 /* ofxDmx.h */,
			);
			name = src;
			sourceTree = "<group>";
		};
		D86C6322CF7554A9BE5EB8BF /* src */ = {
			isa = PBXGroup;
			children = (
				4593838C4B4BCE40284AAE07 /* ofxIO.h */,
			);
			name = src;
			sourceTree = "<group>";
		};
		D86EF5293C3BFC96A82C8EB7 /* snappy */ = {
			isa = PBXGroup;
			children = (
				4A9E9C4D593FEAC751445421 /* src */,
			);
			name = snappy;
			sourceTree = "<group>";
		};
		DFC5BBCB8B0B86B7FF7C1CE8 /* json */ = {
			isa = PBXGroup;
			children = (
				FC2042CCE56D976895CD4536 /* include */,
			);
			name = json;
			sourceTree = "<group>";
		};
		E110390D2FAB4496F3B4BE39 /* serial */ = {
			isa = PBXGroup;
			children = (
				0B9802A8A246D3F781E0EF07 /* impl */,
				7561705030EF5A13E97BE7C0 /* serial.h */,
				6FA24233D84E87A91BDEB0E6 /* v8stdint.h */,
			);
			name = serial;
			sourceTree = "<group>";
		};
		E4328144138ABC890047C5CB /* Products */ = {
			isa = PBXGroup;
			children = (
				E4328148138ABC890047C5CB /* openFrameworksDebug.a */,
			);
			name = Products;
			sourceTree = "<group>";
		};
		E4B69B4A0A3A1720003C02F2 = {
			isa = PBXGroup;
			children = (
				E4B6FCAD0C3E899E008CF71C /* openFrameworks-Info.plist */,
				E4EB6923138AFD0F00A09F29 /* Project.xcconfig */,
				E4B69E1C0A3A1BDC003C02F2 /* src */,
				E4EEC9E9138DF44700A80321 /* openFrameworks */,
				BB4B014C10F69532006C3DED /* addons */,
				6948EE371B920CB800B5AC1A /* local_addons */,
				E4B69B5B0A3A1756003C02F2 /* ParkYohoKineticControlDebug.app */,
			);
			sourceTree = "<group>";
		};
		E4B69E1C0A3A1BDC003C02F2 /* src */ = {
			isa = PBXGroup;
			children = (
				78F31C681EEA56AB00782D78 /* Keyframe.cpp */,
				78F31C691EEA56AB00782D78 /* Keyframe.h */,
				78F31C6A1EEA56AB00782D78 /* Timeline.cpp */,
				78F31C6B1EEA56AB00782D78 /* Timeline.h */,
				E4B69E1D0A3A1BDC003C02F2 /* main.cpp */,
				E4B69E1E0A3A1BDC003C02F2 /* ofApp.cpp */,
				E4B69E1F0A3A1BDC003C02F2 /* ofApp.h */,
				A7497F3C89F6AE38D9B609D8 /* KineticController.cpp */,
				189E3E9B89AAC666E067E42D /* KineticController.h */,
				80C807326629BE7587C3A3B3 /* MovementController.cpp */,
				74D8EE7EA48D3877B6B4D822 /* MovementController.h */,
			);
			path = src;
			sourceTree = SOURCE_ROOT;
		};
		E4EEC9E9138DF44700A80321 /* openFrameworks */ = {
			isa = PBXGroup;
			children = (
				E4EB691F138AFCF100A09F29 /* CoreOF.xcconfig */,
				E4328143138ABC890047C5CB /* openFrameworksLib.xcodeproj */,
			);
			name = openFrameworks;
			sourceTree = "<group>";
		};
		E57BA9F5B131DD75E7F6B1AC /* ofxAudioDecoder */ = {
			isa = PBXGroup;
			children = (
				A5F870D5915B31AB56254EA7 /* src */,
				526C0E0654F6F87F802EBE13 /* libs */,
			);
			name = ofxAudioDecoder;
			sourceTree = "<group>";
		};
		E6053AB7FEC63D5F83825B88 /* ofxOsc */ = {
			isa = PBXGroup;
			children = (
				BD2F1A9F8D0C05EDB29122D0 /* src */,
				38871A5825686AE018EC2BF0 /* libs */,
			);
			name = ofxOsc;
			sourceTree = "<group>";
		};
		EAD170A2CC62C03AE884C98B /* include */ = {
			isa = PBXGroup;
			children = (
				AA24935388D450F0915FB614 /* ofx */,
			);
			name = include;
			sourceTree = "<group>";
		};
		EBAF198F99616C610926C7E2 /* include */ = {
			isa = PBXGroup;
			children = (
				8628713AF7420163E5DCBD81 /* lrucache.hpp */,
			);
			name = include;
			sourceTree = "<group>";
		};
		EBDEF003D846994FE2BA8602 /* impl */ = {
			isa = PBXGroup;
			children = (
				74E2D0CA86ACE812E0440D92 /* list_ports */,
				E4F6F31D084699BAD89878B9 /* unix.cc */,
				D1B098B33ACA6D5EF0DE53FB /* win.cc */,
			);
			name = impl;
			sourceTree = "<group>";
		};
		FC2042CCE56D976895CD4536 /* include */ = {
			isa = PBXGroup;
			children = (
				9912FEC53B46A243A4DAC743 /* json.hpp */,
			);
			name = include;
			sourceTree = "<group>";
		};
		FF8468D5B2307E18FA22FAD0 /* src */ = {
			isa = PBXGroup;
			children = (
				800D9CCA0F0B3D70CF25C2FF /* ofxSerial.h */,
			);
			name = src;
			sourceTree = "<group>";
		};
		FF8CDF57858E9B94E3237115 /* ip */ = {
			isa = PBXGroup;
			children = (
				ADD194746185E2DA11468377 /* IpEndpointName.cpp */,
				48974F980F51769171D0B2F5 /* IpEndpointName.h */,
				F7FBC56859535E597B24BB91 /* NetworkingUtils.h */,
				23640F57DF6C4BB6BFC5DA4C /* PacketListener.h */,
				641362CA659FAFEE4E81001B /* posix */,
				444657A12E59D0ED86981498 /* TimerListener.h */,
				2FD4B0329909D3527F003494 /* UdpSocket.h */,
			);
			name = ip;
			sourceTree = "<group>";
		};
/* End PBXGroup section */

/* Begin PBXNativeTarget section */
		E4B69B5A0A3A1756003C02F2 /* ParkYohoKineticControl */ = {
			isa = PBXNativeTarget;
			buildConfigurationList = E4B69B5F0A3A1757003C02F2 /* Build configuration list for PBXNativeTarget "ParkYohoKineticControl" */;
			buildPhases = (
				E4B69B580A3A1756003C02F2 /* Sources */,
				E4B69B590A3A1756003C02F2 /* Frameworks */,
				E4B6FFFD0C3F9AB9008CF71C /* ShellScript */,
				E4C2427710CC5ABF004149E2 /* CopyFiles */,
			);
			buildRules = (
			);
			dependencies = (
				E4EEB9AC138B136A00A80321 /* PBXTargetDependency */,
			);
			name = ParkYohoKineticControl;
			productName = myOFApp;
			productReference = E4B69B5B0A3A1756003C02F2 /* ParkYohoKineticControlDebug.app */;
			productType = "com.apple.product-type.application";
		};
/* End PBXNativeTarget section */

/* Begin PBXProject section */
		E4B69B4C0A3A1720003C02F2 /* Project object */ = {
			isa = PBXProject;
			attributes = {
				LastUpgradeCheck = 0600;
			};
			buildConfigurationList = E4B69B4D0A3A1720003C02F2 /* Build configuration list for PBXProject "ParkYohoKineticControl" */;
			compatibilityVersion = "Xcode 3.2";
			developmentRegion = English;
			hasScannedForEncodings = 0;
			knownRegions = (
				English,
				Japanese,
				French,
				German,
			);
			mainGroup = E4B69B4A0A3A1720003C02F2;
			productRefGroup = E4B69B4A0A3A1720003C02F2;
			projectDirPath = "";
			projectReferences = (
				{
					ProductGroup = E4328144138ABC890047C5CB /* Products */;
					ProjectRef = E4328143138ABC890047C5CB /* openFrameworksLib.xcodeproj */;
				},
			);
			projectRoot = "";
			targets = (
				E4B69B5A0A3A1756003C02F2 /* ParkYohoKineticControl */,
			);
		};
/* End PBXProject section */

/* Begin PBXReferenceProxy section */
		E4328148138ABC890047C5CB /* openFrameworksDebug.a */ = {
			isa = PBXReferenceProxy;
			fileType = archive.ar;
			path = openFrameworksDebug.a;
			remoteRef = E4328147138ABC890047C5CB /* PBXContainerItemProxy */;
			sourceTree = BUILT_PRODUCTS_DIR;
		};
/* End PBXReferenceProxy section */

/* Begin PBXShellScriptBuildPhase section */
		E4B6FFFD0C3F9AB9008CF71C /* ShellScript */ = {
			isa = PBXShellScriptBuildPhase;
			buildActionMask = 2147483647;
			files = (
			);
			inputPaths = (
			);
			outputPaths = (
			);
			runOnlyForDeploymentPostprocessing = 0;
			shellPath = /bin/sh;
			shellScript = "mkdir -p \"$TARGET_BUILD_DIR/$PRODUCT_NAME.app/Contents/Resources/\"\n# Copy default icon file into App/Resources\nrsync -aved \"$ICON_FILE\" \"$TARGET_BUILD_DIR/$PRODUCT_NAME.app/Contents/Resources/\"\n# Copy libfmod and change install directory for fmod to run\nrsync -aved ../../../libs/fmodex/lib/osx/libfmodex.dylib \"$TARGET_BUILD_DIR/$PRODUCT_NAME.app/Contents/Frameworks/\";\ninstall_name_tool -change @executable_path/libfmodex.dylib @executable_path/../Frameworks/libfmodex.dylib \"$TARGET_BUILD_DIR/$PRODUCT_NAME.app/Contents/MacOS/$PRODUCT_NAME\";\n# Copy GLUT framework (must remove for AppStore submissions)\nrsync -aved ../../../libs/glut/lib/osx/GLUT.framework \"$TARGET_BUILD_DIR/$PRODUCT_NAME.app/Contents/Frameworks/\"\n";
		};
/* End PBXShellScriptBuildPhase section */

/* Begin PBXSourcesBuildPhase section */
		E4B69B580A3A1756003C02F2 /* Sources */ = {
			isa = PBXSourcesBuildPhase;
			buildActionMask = 2147483647;
			files = (
				E4B69E200A3A1BDC003C02F2 /* main.cpp in Sources */,
				E4B69E210A3A1BDC003C02F2 /* ofApp.cpp in Sources */,
				3F820594FB87B6ACFC9E86E9 /* KineticController.cpp in Sources */,
				AD419EB6C428A9E56FC35AE2 /* MovementController.cpp in Sources */,
				87EB71A35D524340AE0A8C4C /* ofxAudioDecoder.cpp in Sources */,
				477F449F6256389CCDB36FFC /* audiodecoderbase.cpp in Sources */,
				2761F96388F64FE596863183 /* audiodecodercoreaudio.cpp in Sources */,
				8BCF02B826253856D7DCF4D1 /* ofxDmx.cpp in Sources */,
				856AA354D08AB4B323081444 /* ofxBaseGui.cpp in Sources */,
				5CBB2AB3A60F65431D7B555D /* ofxButton.cpp in Sources */,
				B266578FC55D23BFEBC042E7 /* ofxGuiGroup.cpp in Sources */,
				483908258D00B98B4BE69F07 /* ofxLabel.cpp in Sources */,
				F285EB3169F1566CA3D93C20 /* ofxPanel.cpp in Sources */,
				837220E80EB56CD44AD27F2A /* ofxSlider.cpp in Sources */,
				B56FE57CC35806596D38118C /* ofxSliderGroup.cpp in Sources */,
				1CD33E884D9E3358252E82A1 /* ofxToggle.cpp in Sources */,
				3BFC7CF50BEB0307821B90A6 /* lz4.c in Sources */,
				DFA0F30B1193D5DC1BB53E5E /* Base64Encoding.cpp in Sources */,
				D932A5A24FCF08AE510A265D /* ByteBuffer.cpp in Sources */,
				62509F39EA6197BEA0194276 /* ByteBufferReader.cpp in Sources */,
				347D67CCF4C7C7725118DD59 /* ByteBufferStream.cpp in Sources */,
				66A80FD312926DEB8C9FE7F6 /* ByteBufferUtils.cpp in Sources */,
				494950167FFB212CEB9ECD0A /* ByteBufferWriter.cpp in Sources */,
				FE9170FE54D704DF97B0E5BD /* COBSEncoding.cpp in Sources */,
				93640C223A2F5BEAD6DA2E35 /* Compression.cpp in Sources */,
				CDB5B1D2D12F42502906F30F /* DeviceFilter.cpp in Sources */,
				84FED53B4CEB4C25C00E172B /* DirectoryFilter.cpp in Sources */,
				78F31C6D1EEA56AB00782D78 /* Timeline.cpp in Sources */,
				CEFD3CCAB8B3251DFCAAA0EE /* DirectoryUtils.cpp in Sources */,
				EB4F14C4AE3B3EFD04520383 /* DirectoryWatcher.cpp in Sources */,
				BE177617474F11F05E9260FC /* DirectoryWatcherManager.cpp in Sources */,
				5BB82711925A3764235C2CEB /* FileExtensionFilter.cpp in Sources */,
				F953E11952BFF8C207418550 /* HexBinaryEncoding.cpp in Sources */,
				B3E6D60405574847412D7441 /* HiddenFileFilter.cpp in Sources */,
				86B56E23D787A5F24641398F /* LinkFilter.cpp in Sources */,
				B7E0003B826CBA379A3F66E5 /* PathFilterCollection.cpp in Sources */,
				E2C54FD4C85A860582282F7C /* RecursiveDirectoryIterator.cpp in Sources */,
				899BAF53175868463FE1B029 /* RecursiveDirectoryIteratorStategies.cpp in Sources */,
				3C9A355A55D68A8E882FEF85 /* RegexPathFilter.cpp in Sources */,
				1CC07C1A616F29EB8EEC3D21 /* SearchPath.cpp in Sources */,
				B1BF03D79762719793CC9F1A /* SLIPEncoding.cpp in Sources */,
				790CD6606BE3D38A9AD52AF1 /* URIEncoding.cpp in Sources */,
				D81A435CE7FDF51B41956210 /* snappy-sinksource.cc in Sources */,
				78F31C6C1EEA56AB00782D78 /* Keyframe.cpp in Sources */,
				1298066D39CE7EC3DA60256A /* snappy-stubs-internal.cc in Sources */,
				868BEDC19B53FD512D7E3100 /* snappy.cc in Sources */,
				BC0058681371B449EBCD285C /* ofxInputField.cpp in Sources */,
				72A929D3561B8232A182ABFC /* ofxOscBundle.cpp in Sources */,
				5864AD82E20F15536D054EA3 /* ofxOscMessage.cpp in Sources */,
				4ADB88E2FB52E76A471065DE /* ofxOscParameterSync.cpp in Sources */,
				640279EE111671BD026CB013 /* ofxOscReceiver.cpp in Sources */,
				8F5205AEF8861EF234F0651A /* ofxOscSender.cpp in Sources */,
				ADE367465D2A8EBAD4C7A8D9 /* IpEndpointName.cpp in Sources */,
				67FE4C7B15C2F0478C8126C2 /* NetworkingUtils.cpp in Sources */,
				510CAFE035E576A4E1502D52 /* UdpSocket.cpp in Sources */,
				62545D179C94265CA1389D4A /* OscOutboundPacketStream.cpp in Sources */,
				C4782ECC372420ACE0615B74 /* OscPrintReceivedElements.cpp in Sources */,
				0546D1A38E13BD319CC9755B /* OscReceivedElements.cpp in Sources */,
				879A251454401BC0B6E4F238 /* OscTypes.cpp in Sources */,
				199E20C3CE29DBDA5F9DA16C /* BufferedSerialDevice.cpp in Sources */,
				E47400D4565245776213FFD6 /* SerialDevice.cpp in Sources */,
				DB1B6C56A8D6E1DF0AB8B5DA /* SerialDeviceUtils.cpp in Sources */,
				7B750C170EB39967BA9AB0DA /* list_ports_linux.cc in Sources */,
				89D1BB84C86305D9A5C34DC4 /* list_ports_osx.cc in Sources */,
				29BCD325C314242FECC8E5B7 /* list_ports_win.cc in Sources */,
				DABEB23B35B4884860B1A814 /* unix.cc in Sources */,
				55DE46182F529D5E0D756503 /* win.cc in Sources */,
				3336758D15FD0710326AAC25 /* serial.cc in Sources */,
				63B57AC5BF4EF088491E0317 /* ofxXmlSettings.cpp in Sources */,
				933A2227713C720CEFF80FD9 /* tinyxml.cpp in Sources */,
				9D44DC88EF9E7991B4A09951 /* tinyxmlerror.cpp in Sources */,
				5A4349E9754D6FA14C0F2A3A /* tinyxmlparser.cpp in Sources */,
			);
			runOnlyForDeploymentPostprocessing = 0;
		};
/* End PBXSourcesBuildPhase section */

/* Begin PBXTargetDependency section */
		E4EEB9AC138B136A00A80321 /* PBXTargetDependency */ = {
			isa = PBXTargetDependency;
			name = openFrameworks;
			targetProxy = E4EEB9AB138B136A00A80321 /* PBXContainerItemProxy */;
		};
/* End PBXTargetDependency section */

/* Begin XCBuildConfiguration section */
		E4B69B4E0A3A1720003C02F2 /* Debug */ = {
			isa = XCBuildConfiguration;
			baseConfigurationReference = E4EB6923138AFD0F00A09F29 /* Project.xcconfig */;
			buildSettings = {
				CONFIGURATION_BUILD_DIR = "$(SRCROOT)/bin/";
				COPY_PHASE_STRIP = NO;
				DEAD_CODE_STRIPPING = YES;
				GCC_AUTO_VECTORIZATION = YES;
				GCC_ENABLE_SSE3_EXTENSIONS = YES;
				GCC_ENABLE_SUPPLEMENTAL_SSE3_INSTRUCTIONS = YES;
				GCC_INLINES_ARE_PRIVATE_EXTERN = NO;
				GCC_OPTIMIZATION_LEVEL = 0;
				GCC_SYMBOLS_PRIVATE_EXTERN = NO;
				GCC_WARN_ABOUT_DEPRECATED_FUNCTIONS = YES;
				GCC_WARN_ABOUT_INVALID_OFFSETOF_MACRO = NO;
				GCC_WARN_ALLOW_INCOMPLETE_PROTOCOL = NO;
				GCC_WARN_UNINITIALIZED_AUTOS = NO;
				GCC_WARN_UNUSED_VALUE = NO;
				GCC_WARN_UNUSED_VARIABLE = NO;
				HEADER_SEARCH_PATHS = (
					"$(OF_CORE_HEADERS)",
					src,
					../../../addons/ofxAudioDecoder/libs,
					../../../addons/ofxAudioDecoder/libs/include,
					../../../addons/ofxAudioDecoder/libs/include/apple,
					../../../addons/ofxAudioDecoder/libs/src,
					../../../addons/ofxAudioDecoder/src,
					../../../addons/ofxDmx/src,
					../../../addons/ofxGui/src,
					../../../addons/ofxIO/libs,
					../../../addons/ofxIO/libs/alphanum,
					../../../addons/ofxIO/libs/alphanum/include,
					"../../../addons/ofxIO/libs/cpp-lru-cache",
					"../../../addons/ofxIO/libs/cpp-lru-cache/include",
					../../../addons/ofxIO/libs/json,
					../../../addons/ofxIO/libs/json/include,
					../../../addons/ofxIO/libs/json/license,
					../../../addons/ofxIO/libs/lz4,
					../../../addons/ofxIO/libs/lz4/src,
					../../../addons/ofxIO/libs/ofxIO,
					../../../addons/ofxIO/libs/ofxIO/include,
					../../../addons/ofxIO/libs/ofxIO/include/ofx,
					../../../addons/ofxIO/libs/ofxIO/include/ofx/IO,
					../../../addons/ofxIO/libs/ofxIO/src,
					../../../addons/ofxIO/libs/snappy,
					../../../addons/ofxIO/libs/snappy/src,
					../../../addons/ofxIO/src,
					../../../addons/ofxInputField/src,
					../../../addons/ofxOsc/libs,
					../../../addons/ofxOsc/libs/oscpack,
					../../../addons/ofxOsc/libs/oscpack/src,
					../../../addons/ofxOsc/libs/oscpack/src/ip,
					../../../addons/ofxOsc/libs/oscpack/src/ip/posix,
					../../../addons/ofxOsc/libs/oscpack/src/ip/win32,
					../../../addons/ofxOsc/libs/oscpack/src/osc,
					../../../addons/ofxOsc/src,
					../../../addons/ofxSerial/libs,
					../../../addons/ofxSerial/libs/ofxSerial,
					../../../addons/ofxSerial/libs/ofxSerial/include,
					../../../addons/ofxSerial/libs/ofxSerial/include/ofx,
					../../../addons/ofxSerial/libs/ofxSerial/include/ofx/IO,
					../../../addons/ofxSerial/libs/ofxSerial/src,
					../../../addons/ofxSerial/libs/serial,
					../../../addons/ofxSerial/libs/serial/include,
					../../../addons/ofxSerial/libs/serial/include/serial,
					../../../addons/ofxSerial/libs/serial/include/serial/impl,
					../../../addons/ofxSerial/libs/serial/src,
					../../../addons/ofxSerial/libs/serial/src/impl,
					../../../addons/ofxSerial/libs/serial/src/impl/list_ports,
					../../../addons/ofxSerial/src,
					../../../addons/ofxXmlSettings/libs,
					../../../addons/ofxXmlSettings/src,
				);
				MACOSX_DEPLOYMENT_TARGET = 10.8;
				ONLY_ACTIVE_ARCH = YES;
				OTHER_CPLUSPLUSFLAGS = (
					"-D__MACOSX_CORE__",
					"-mtune=native",
				);
				SDKROOT = macosx;
			};
			name = Debug;
		};
		E4B69B4F0A3A1720003C02F2 /* Release */ = {
			isa = XCBuildConfiguration;
			baseConfigurationReference = E4EB6923138AFD0F00A09F29 /* Project.xcconfig */;
			buildSettings = {
				CONFIGURATION_BUILD_DIR = "$(SRCROOT)/bin/";
				COPY_PHASE_STRIP = YES;
				DEAD_CODE_STRIPPING = YES;
				GCC_AUTO_VECTORIZATION = YES;
				GCC_ENABLE_SSE3_EXTENSIONS = YES;
				GCC_ENABLE_SUPPLEMENTAL_SSE3_INSTRUCTIONS = YES;
				GCC_INLINES_ARE_PRIVATE_EXTERN = NO;
				GCC_OPTIMIZATION_LEVEL = 3;
				GCC_SYMBOLS_PRIVATE_EXTERN = NO;
				GCC_UNROLL_LOOPS = YES;
				GCC_WARN_ABOUT_DEPRECATED_FUNCTIONS = YES;
				GCC_WARN_ABOUT_INVALID_OFFSETOF_MACRO = NO;
				GCC_WARN_ALLOW_INCOMPLETE_PROTOCOL = NO;
				GCC_WARN_UNINITIALIZED_AUTOS = NO;
				GCC_WARN_UNUSED_VALUE = NO;
				GCC_WARN_UNUSED_VARIABLE = NO;
				HEADER_SEARCH_PATHS = (
					"$(OF_CORE_HEADERS)",
					src,
					../../../addons/ofxAudioDecoder/libs,
					../../../addons/ofxAudioDecoder/libs/include,
					../../../addons/ofxAudioDecoder/libs/include/apple,
					../../../addons/ofxAudioDecoder/libs/src,
					../../../addons/ofxAudioDecoder/src,
					../../../addons/ofxDmx/src,
					../../../addons/ofxGui/src,
					../../../addons/ofxIO/libs,
					../../../addons/ofxIO/libs/alphanum,
					../../../addons/ofxIO/libs/alphanum/include,
					"../../../addons/ofxIO/libs/cpp-lru-cache",
					"../../../addons/ofxIO/libs/cpp-lru-cache/include",
					../../../addons/ofxIO/libs/json,
					../../../addons/ofxIO/libs/json/include,
					../../../addons/ofxIO/libs/json/license,
					../../../addons/ofxIO/libs/lz4,
					../../../addons/ofxIO/libs/lz4/src,
					../../../addons/ofxIO/libs/ofxIO,
					../../../addons/ofxIO/libs/ofxIO/include,
					../../../addons/ofxIO/libs/ofxIO/include/ofx,
					../../../addons/ofxIO/libs/ofxIO/include/ofx/IO,
					../../../addons/ofxIO/libs/ofxIO/src,
					../../../addons/ofxIO/libs/snappy,
					../../../addons/ofxIO/libs/snappy/src,
					../../../addons/ofxIO/src,
					../../../addons/ofxInputField/src,
					../../../addons/ofxOsc/libs,
					../../../addons/ofxOsc/libs/oscpack,
					../../../addons/ofxOsc/libs/oscpack/src,
					../../../addons/ofxOsc/libs/oscpack/src/ip,
					../../../addons/ofxOsc/libs/oscpack/src/ip/posix,
					../../../addons/ofxOsc/libs/oscpack/src/ip/win32,
					../../../addons/ofxOsc/libs/oscpack/src/osc,
					../../../addons/ofxOsc/src,
					../../../addons/ofxSerial/libs,
					../../../addons/ofxSerial/libs/ofxSerial,
					../../../addons/ofxSerial/libs/ofxSerial/include,
					../../../addons/ofxSerial/libs/ofxSerial/include/ofx,
					../../../addons/ofxSerial/libs/ofxSerial/include/ofx/IO,
					../../../addons/ofxSerial/libs/ofxSerial/src,
					../../../addons/ofxSerial/libs/serial,
					../../../addons/ofxSerial/libs/serial/include,
					../../../addons/ofxSerial/libs/serial/include/serial,
					../../../addons/ofxSerial/libs/serial/include/serial/impl,
					../../../addons/ofxSerial/libs/serial/src,
					../../../addons/ofxSerial/libs/serial/src/impl,
					../../../addons/ofxSerial/libs/serial/src/impl/list_ports,
					../../../addons/ofxSerial/src,
					../../../addons/ofxXmlSettings/libs,
					../../../addons/ofxXmlSettings/src,
				);
				MACOSX_DEPLOYMENT_TARGET = 10.8;
				OTHER_CPLUSPLUSFLAGS = (
					"-D__MACOSX_CORE__",
					"-mtune=native",
				);
				SDKROOT = macosx;
			};
			name = Release;
		};
		E4B69B600A3A1757003C02F2 /* Debug */ = {
			isa = XCBuildConfiguration;
			baseConfigurationReference = E4EB6923138AFD0F00A09F29 /* Project.xcconfig */;
			buildSettings = {
				COMBINE_HIDPI_IMAGES = YES;
				COPY_PHASE_STRIP = NO;
				FRAMEWORK_SEARCH_PATHS = (
					"$(inherited)",
					"$(FRAMEWORK_SEARCH_PATHS_QUOTED_FOR_TARGET_1)",
				);
				FRAMEWORK_SEARCH_PATHS_QUOTED_FOR_TARGET_1 = "\"$(SRCROOT)/../../../libs/glut/lib/osx\"";
				GCC_DYNAMIC_NO_PIC = NO;
				GCC_GENERATE_DEBUGGING_SYMBOLS = YES;
				GCC_MODEL_TUNING = NONE;
				HEADER_SEARCH_PATHS = (
					"$(OF_CORE_HEADERS)",
					src,
					../../../addons/ofxAudioDecoder/libs,
					../../../addons/ofxAudioDecoder/libs/include,
					../../../addons/ofxAudioDecoder/libs/include/apple,
					../../../addons/ofxAudioDecoder/libs/src,
					../../../addons/ofxAudioDecoder/src,
					../../../addons/ofxDmx/src,
					../../../addons/ofxGui/src,
					../../../addons/ofxIO/libs,
					../../../addons/ofxIO/libs/alphanum,
					../../../addons/ofxIO/libs/alphanum/include,
					"../../../addons/ofxIO/libs/cpp-lru-cache",
					"../../../addons/ofxIO/libs/cpp-lru-cache/include",
					../../../addons/ofxIO/libs/json,
					../../../addons/ofxIO/libs/json/include,
					../../../addons/ofxIO/libs/json/license,
					../../../addons/ofxIO/libs/lz4,
					../../../addons/ofxIO/libs/lz4/src,
					../../../addons/ofxIO/libs/ofxIO,
					../../../addons/ofxIO/libs/ofxIO/include,
					../../../addons/ofxIO/libs/ofxIO/include/ofx,
					../../../addons/ofxIO/libs/ofxIO/include/ofx/IO,
					../../../addons/ofxIO/libs/ofxIO/src,
					../../../addons/ofxIO/libs/snappy,
					../../../addons/ofxIO/libs/snappy/src,
					../../../addons/ofxIO/src,
					../../../addons/ofxInputField/src,
					../../../addons/ofxOsc/libs,
					../../../addons/ofxOsc/libs/oscpack,
					../../../addons/ofxOsc/libs/oscpack/src,
					../../../addons/ofxOsc/libs/oscpack/src/ip,
					../../../addons/ofxOsc/libs/oscpack/src/ip/posix,
					../../../addons/ofxOsc/libs/oscpack/src/ip/win32,
					../../../addons/ofxOsc/libs/oscpack/src/osc,
					../../../addons/ofxOsc/src,
					../../../addons/ofxSerial/libs,
					../../../addons/ofxSerial/libs/ofxSerial,
					../../../addons/ofxSerial/libs/ofxSerial/include,
					../../../addons/ofxSerial/libs/ofxSerial/include/ofx,
					../../../addons/ofxSerial/libs/ofxSerial/include/ofx/IO,
					../../../addons/ofxSerial/libs/ofxSerial/src,
					../../../addons/ofxSerial/libs/serial,
					../../../addons/ofxSerial/libs/serial/include,
					../../../addons/ofxSerial/libs/serial/include/serial,
					../../../addons/ofxSerial/libs/serial/include/serial/impl,
					../../../addons/ofxSerial/libs/serial/src,
					../../../addons/ofxSerial/libs/serial/src/impl,
					../../../addons/ofxSerial/libs/serial/src/impl/list_ports,
					../../../addons/ofxSerial/src,
					../../../addons/ofxXmlSettings/libs,
					../../../addons/ofxXmlSettings/src,
				);
				ICON = "$(ICON_NAME_DEBUG)";
				ICON_FILE = "$(ICON_FILE_PATH)$(ICON)";
				INFOPLIST_FILE = "openFrameworks-Info.plist";
				INSTALL_PATH = /Applications;
				LIBRARY_SEARCH_PATHS = "$(inherited)";
				PRODUCT_NAME = "$(TARGET_NAME)Debug";
				WRAPPER_EXTENSION = app;
			};
			name = Debug;
		};
		E4B69B610A3A1757003C02F2 /* Release */ = {
			isa = XCBuildConfiguration;
			baseConfigurationReference = E4EB6923138AFD0F00A09F29 /* Project.xcconfig */;
			buildSettings = {
				COMBINE_HIDPI_IMAGES = YES;
				COPY_PHASE_STRIP = YES;
				FRAMEWORK_SEARCH_PATHS = (
					"$(inherited)",
					"$(FRAMEWORK_SEARCH_PATHS_QUOTED_FOR_TARGET_1)",
				);
				FRAMEWORK_SEARCH_PATHS_QUOTED_FOR_TARGET_1 = "\"$(SRCROOT)/../../../libs/glut/lib/osx\"";
				GCC_GENERATE_DEBUGGING_SYMBOLS = YES;
				GCC_MODEL_TUNING = NONE;
				HEADER_SEARCH_PATHS = (
					"$(OF_CORE_HEADERS)",
					src,
					../../../addons/ofxAudioDecoder/libs,
					../../../addons/ofxAudioDecoder/libs/include,
					../../../addons/ofxAudioDecoder/libs/include/apple,
					../../../addons/ofxAudioDecoder/libs/src,
					../../../addons/ofxAudioDecoder/src,
					../../../addons/ofxDmx/src,
					../../../addons/ofxGui/src,
					../../../addons/ofxIO/libs,
					../../../addons/ofxIO/libs/alphanum,
					../../../addons/ofxIO/libs/alphanum/include,
					"../../../addons/ofxIO/libs/cpp-lru-cache",
					"../../../addons/ofxIO/libs/cpp-lru-cache/include",
					../../../addons/ofxIO/libs/json,
					../../../addons/ofxIO/libs/json/include,
					../../../addons/ofxIO/libs/json/license,
					../../../addons/ofxIO/libs/lz4,
					../../../addons/ofxIO/libs/lz4/src,
					../../../addons/ofxIO/libs/ofxIO,
					../../../addons/ofxIO/libs/ofxIO/include,
					../../../addons/ofxIO/libs/ofxIO/include/ofx,
					../../../addons/ofxIO/libs/ofxIO/include/ofx/IO,
					../../../addons/ofxIO/libs/ofxIO/src,
					../../../addons/ofxIO/libs/snappy,
					../../../addons/ofxIO/libs/snappy/src,
					../../../addons/ofxIO/src,
					../../../addons/ofxInputField/src,
					../../../addons/ofxOsc/libs,
					../../../addons/ofxOsc/libs/oscpack,
					../../../addons/ofxOsc/libs/oscpack/src,
					../../../addons/ofxOsc/libs/oscpack/src/ip,
					../../../addons/ofxOsc/libs/oscpack/src/ip/posix,
					../../../addons/ofxOsc/libs/oscpack/src/ip/win32,
					../../../addons/ofxOsc/libs/oscpack/src/osc,
					../../../addons/ofxOsc/src,
					../../../addons/ofxSerial/libs,
					../../../addons/ofxSerial/libs/ofxSerial,
					../../../addons/ofxSerial/libs/ofxSerial/include,
					../../../addons/ofxSerial/libs/ofxSerial/include/ofx,
					../../../addons/ofxSerial/libs/ofxSerial/include/ofx/IO,
					../../../addons/ofxSerial/libs/ofxSerial/src,
					../../../addons/ofxSerial/libs/serial,
					../../../addons/ofxSerial/libs/serial/include,
					../../../addons/ofxSerial/libs/serial/include/serial,
					../../../addons/ofxSerial/libs/serial/include/serial/impl,
					../../../addons/ofxSerial/libs/serial/src,
					../../../addons/ofxSerial/libs/serial/src/impl,
					../../../addons/ofxSerial/libs/serial/src/impl/list_ports,
					../../../addons/ofxSerial/src,
					../../../addons/ofxXmlSettings/libs,
					../../../addons/ofxXmlSettings/src,
				);
				ICON = "$(ICON_NAME_RELEASE)";
				ICON_FILE = "$(ICON_FILE_PATH)$(ICON)";
				INFOPLIST_FILE = "openFrameworks-Info.plist";
				INSTALL_PATH = /Applications;
				LIBRARY_SEARCH_PATHS = "$(inherited)";
				PRODUCT_NAME = "$(TARGET_NAME)";
				WRAPPER_EXTENSION = app;
				baseConfigurationReference = E4EB6923138AFD0F00A09F29;
			};
			name = Release;
		};
/* End XCBuildConfiguration section */

/* Begin XCConfigurationList section */
		E4B69B4D0A3A1720003C02F2 /* Build configuration list for PBXProject "ParkYohoKineticControl" */ = {
			isa = XCConfigurationList;
			buildConfigurations = (
				E4B69B4E0A3A1720003C02F2 /* Debug */,
				E4B69B4F0A3A1720003C02F2 /* Release */,
			);
			defaultConfigurationIsVisible = 0;
			defaultConfigurationName = Release;
		};
		E4B69B5F0A3A1757003C02F2 /* Build configuration list for PBXNativeTarget "ParkYohoKineticControl" */ = {
			isa = XCConfigurationList;
			buildConfigurations = (
				E4B69B600A3A1757003C02F2 /* Debug */,
				E4B69B610A3A1757003C02F2 /* Release */,
			);
			defaultConfigurationIsVisible = 0;
			defaultConfigurationName = Release;
		};
/* End XCConfigurationList section */
	};
	rootObject = E4B69B4C0A3A1720003C02F2 /* Project object */;
}
